// !$*UTF8*$!
{
	archiveVersion = 1;
	classes = {
	};
	objectVersion = 46;
	objects = {

/* Begin PBXBuildFile section */
		DED8125A1485919600826EC4 /* QuartzCore.framework in Frameworks */ = {isa = PBXBuildFile; fileRef = DED812591485919600826EC4 /* QuartzCore.framework */; };
		DED8125C1485919600826EC4 /* OpenGLES.framework in Frameworks */ = {isa = PBXBuildFile; fileRef = DED8125B1485919600826EC4 /* OpenGLES.framework */; };
		DED8125E1485919600826EC4 /* OpenAL.framework in Frameworks */ = {isa = PBXBuildFile; fileRef = DED8125D1485919600826EC4 /* OpenAL.framework */; };
		DED812601485919600826EC4 /* AudioToolbox.framework in Frameworks */ = {isa = PBXBuildFile; fileRef = DED8125F1485919600826EC4 /* AudioToolbox.framework */; };
		DED812621485919600826EC4 /* AVFoundation.framework in Frameworks */ = {isa = PBXBuildFile; fileRef = DED812611485919600826EC4 /* AVFoundation.framework */; };
		DED812641485919600826EC4 /* UIKit.framework in Frameworks */ = {isa = PBXBuildFile; fileRef = DED812631485919600826EC4 /* UIKit.framework */; };
		DED812661485919600826EC4 /* Foundation.framework in Frameworks */ = {isa = PBXBuildFile; fileRef = DED812651485919600826EC4 /* Foundation.framework */; };
		DED812681485919600826EC4 /* CoreGraphics.framework in Frameworks */ = {isa = PBXBuildFile; fileRef = DED812671485919600826EC4 /* CoreGraphics.framework */; };
		DED8126C1485919600826EC4 /* Default.png in Resources */ = {isa = PBXBuildFile; fileRef = DED8126B1485919600826EC4 /* Default.png */; };
		DED8126E1485919600826EC4 /* fps_images.png in Resources */ = {isa = PBXBuildFile; fileRef = DED8126D1485919600826EC4 /* fps_images.png */; };
		DED812701485919600826EC4 /* Icon-72.png in Resources */ = {isa = PBXBuildFile; fileRef = DED8126F1485919600826EC4 /* Icon-72.png */; };
		DED812721485919600826EC4 /* Icon-Small-50.png in Resources */ = {isa = PBXBuildFile; fileRef = DED812711485919600826EC4 /* Icon-Small-50.png */; };
		DED812741485919600826EC4 /* Icon-Small.png in Resources */ = {isa = PBXBuildFile; fileRef = DED812731485919600826EC4 /* Icon-Small.png */; };
		DED812761485919600826EC4 /* Icon-Small@2x.png in Resources */ = {isa = PBXBuildFile; fileRef = DED812751485919600826EC4 /* Icon-Small@2x.png */; };
		DED812781485919600826EC4 /* Icon.png in Resources */ = {isa = PBXBuildFile; fileRef = DED812771485919600826EC4 /* Icon.png */; };
		DED8127A1485919600826EC4 /* Icon@2x.png in Resources */ = {isa = PBXBuildFile; fileRef = DED812791485919600826EC4 /* Icon@2x.png */; };
		DED8127D1485919600826EC4 /* iTunesArtwork in Resources */ = {isa = PBXBuildFile; fileRef = DED8127C1485919600826EC4 /* iTunesArtwork */; };
		DED812821485919700826EC4 /* CCAction.m in Sources */ = {isa = PBXBuildFile; fileRef = DED812811485919700826EC4 /* CCAction.m */; };
		DED812851485919700826EC4 /* CCActionCamera.m in Sources */ = {isa = PBXBuildFile; fileRef = DED812841485919700826EC4 /* CCActionCamera.m */; };
		DED812881485919700826EC4 /* CCActionEase.m in Sources */ = {isa = PBXBuildFile; fileRef = DED812871485919700826EC4 /* CCActionEase.m */; };
		DED8128B1485919700826EC4 /* CCActionGrid.m in Sources */ = {isa = PBXBuildFile; fileRef = DED8128A1485919700826EC4 /* CCActionGrid.m */; };
		DED8128E1485919700826EC4 /* CCActionGrid3D.m in Sources */ = {isa = PBXBuildFile; fileRef = DED8128D1485919700826EC4 /* CCActionGrid3D.m */; };
		DED812911485919700826EC4 /* CCActionInstant.m in Sources */ = {isa = PBXBuildFile; fileRef = DED812901485919700826EC4 /* CCActionInstant.m */; };
		DED812941485919700826EC4 /* CCActionInterval.m in Sources */ = {isa = PBXBuildFile; fileRef = DED812931485919700826EC4 /* CCActionInterval.m */; };
		DED812971485919700826EC4 /* CCActionManager.m in Sources */ = {isa = PBXBuildFile; fileRef = DED812961485919700826EC4 /* CCActionManager.m */; };
		DED8129A1485919700826EC4 /* CCActionPageTurn3D.m in Sources */ = {isa = PBXBuildFile; fileRef = DED812991485919700826EC4 /* CCActionPageTurn3D.m */; };
		DED8129D1485919700826EC4 /* CCActionProgressTimer.m in Sources */ = {isa = PBXBuildFile; fileRef = DED8129C1485919700826EC4 /* CCActionProgressTimer.m */; };
		DED812A01485919700826EC4 /* CCActionTiledGrid.m in Sources */ = {isa = PBXBuildFile; fileRef = DED8129F1485919700826EC4 /* CCActionTiledGrid.m */; };
		DED812A31485919700826EC4 /* CCActionTween.m in Sources */ = {isa = PBXBuildFile; fileRef = DED812A21485919700826EC4 /* CCActionTween.m */; };
		DED812A61485919700826EC4 /* CCAnimation.m in Sources */ = {isa = PBXBuildFile; fileRef = DED812A51485919700826EC4 /* CCAnimation.m */; };
		DED812A91485919700826EC4 /* CCAnimationCache.m in Sources */ = {isa = PBXBuildFile; fileRef = DED812A81485919700826EC4 /* CCAnimationCache.m */; };
		DED812AC1485919700826EC4 /* CCAtlasNode.m in Sources */ = {isa = PBXBuildFile; fileRef = DED812AB1485919700826EC4 /* CCAtlasNode.m */; };
		DED812AF1485919700826EC4 /* CCBlockSupport.m in Sources */ = {isa = PBXBuildFile; fileRef = DED812AE1485919700826EC4 /* CCBlockSupport.m */; };
		DED812B21485919700826EC4 /* CCCamera.m in Sources */ = {isa = PBXBuildFile; fileRef = DED812B11485919700826EC4 /* CCCamera.m */; };
		DED812B61485919700826EC4 /* CCConfiguration.m in Sources */ = {isa = PBXBuildFile; fileRef = DED812B51485919700826EC4 /* CCConfiguration.m */; };
		DED812B91485919700826EC4 /* CCDirector.m in Sources */ = {isa = PBXBuildFile; fileRef = DED812B81485919700826EC4 /* CCDirector.m */; };
		DED812BC1485919700826EC4 /* CCDrawingPrimitives.m in Sources */ = {isa = PBXBuildFile; fileRef = DED812BB1485919700826EC4 /* CCDrawingPrimitives.m */; };
		DED812BF1485919700826EC4 /* CCGrabber.m in Sources */ = {isa = PBXBuildFile; fileRef = DED812BE1485919700826EC4 /* CCGrabber.m */; };
		DED812C21485919700826EC4 /* CCGrid.m in Sources */ = {isa = PBXBuildFile; fileRef = DED812C11485919700826EC4 /* CCGrid.m */; };
		DED812C51485919700826EC4 /* CCLabelAtlas.m in Sources */ = {isa = PBXBuildFile; fileRef = DED812C41485919700826EC4 /* CCLabelAtlas.m */; };
		DED812C81485919700826EC4 /* CCLabelBMFont.m in Sources */ = {isa = PBXBuildFile; fileRef = DED812C71485919700826EC4 /* CCLabelBMFont.m */; };
		DED812CB1485919700826EC4 /* CCLabelTTF.m in Sources */ = {isa = PBXBuildFile; fileRef = DED812CA1485919700826EC4 /* CCLabelTTF.m */; };
		DED812CE1485919700826EC4 /* CCLayer.m in Sources */ = {isa = PBXBuildFile; fileRef = DED812CD1485919700826EC4 /* CCLayer.m */; };
		DED812D21485919700826EC4 /* CCMenu.m in Sources */ = {isa = PBXBuildFile; fileRef = DED812D11485919700826EC4 /* CCMenu.m */; };
		DED812D51485919700826EC4 /* CCMenuItem.m in Sources */ = {isa = PBXBuildFile; fileRef = DED812D41485919700826EC4 /* CCMenuItem.m */; };
		DED812D81485919700826EC4 /* CCMotionStreak.m in Sources */ = {isa = PBXBuildFile; fileRef = DED812D71485919700826EC4 /* CCMotionStreak.m */; };
		DED812DB1485919700826EC4 /* CCNode.m in Sources */ = {isa = PBXBuildFile; fileRef = DED812DA1485919700826EC4 /* CCNode.m */; };
		DED812DE1485919700826EC4 /* CCParallaxNode.m in Sources */ = {isa = PBXBuildFile; fileRef = DED812DD1485919700826EC4 /* CCParallaxNode.m */; };
		DED812E11485919700826EC4 /* CCParticleBatchNode.m in Sources */ = {isa = PBXBuildFile; fileRef = DED812E01485919700826EC4 /* CCParticleBatchNode.m */; };
		DED812E41485919700826EC4 /* CCParticleExamples.m in Sources */ = {isa = PBXBuildFile; fileRef = DED812E31485919700826EC4 /* CCParticleExamples.m */; };
		DED812E71485919700826EC4 /* CCParticleSystem.m in Sources */ = {isa = PBXBuildFile; fileRef = DED812E61485919700826EC4 /* CCParticleSystem.m */; };
		DED812EA1485919700826EC4 /* CCParticleSystemPoint.m in Sources */ = {isa = PBXBuildFile; fileRef = DED812E91485919700826EC4 /* CCParticleSystemPoint.m */; };
		DED812ED1485919700826EC4 /* CCParticleSystemQuad.m in Sources */ = {isa = PBXBuildFile; fileRef = DED812EC1485919700826EC4 /* CCParticleSystemQuad.m */; };
		DED812F01485919700826EC4 /* CCProgressTimer.m in Sources */ = {isa = PBXBuildFile; fileRef = DED812EF1485919700826EC4 /* CCProgressTimer.m */; };
		DED812F41485919700826EC4 /* CCRenderTexture.m in Sources */ = {isa = PBXBuildFile; fileRef = DED812F31485919700826EC4 /* CCRenderTexture.m */; };
		DED812F71485919700826EC4 /* CCRibbon.m in Sources */ = {isa = PBXBuildFile; fileRef = DED812F61485919700826EC4 /* CCRibbon.m */; };
		DED812FA1485919700826EC4 /* CCScene.m in Sources */ = {isa = PBXBuildFile; fileRef = DED812F91485919700826EC4 /* CCScene.m */; };
		DED812FD1485919800826EC4 /* CCScheduler.m in Sources */ = {isa = PBXBuildFile; fileRef = DED812FC1485919800826EC4 /* CCScheduler.m */; };
		DED813001485919800826EC4 /* CCSprite.m in Sources */ = {isa = PBXBuildFile; fileRef = DED812FF1485919800826EC4 /* CCSprite.m */; };
		DED813031485919800826EC4 /* CCSpriteBatchNode.m in Sources */ = {isa = PBXBuildFile; fileRef = DED813021485919800826EC4 /* CCSpriteBatchNode.m */; };
		DED813061485919800826EC4 /* CCSpriteFrame.m in Sources */ = {isa = PBXBuildFile; fileRef = DED813051485919800826EC4 /* CCSpriteFrame.m */; };
		DED813091485919800826EC4 /* CCSpriteFrameCache.m in Sources */ = {isa = PBXBuildFile; fileRef = DED813081485919800826EC4 /* CCSpriteFrameCache.m */; };
		DED8130C1485919800826EC4 /* CCTexture2D.m in Sources */ = {isa = PBXBuildFile; fileRef = DED8130B1485919800826EC4 /* CCTexture2D.m */; };
		DED8130F1485919800826EC4 /* CCTextureAtlas.m in Sources */ = {isa = PBXBuildFile; fileRef = DED8130E1485919800826EC4 /* CCTextureAtlas.m */; };
		DED813121485919800826EC4 /* CCTextureCache.m in Sources */ = {isa = PBXBuildFile; fileRef = DED813111485919800826EC4 /* CCTextureCache.m */; };
		DED813151485919800826EC4 /* CCTexturePVR.m in Sources */ = {isa = PBXBuildFile; fileRef = DED813141485919800826EC4 /* CCTexturePVR.m */; };
		DED813181485919800826EC4 /* CCTileMapAtlas.m in Sources */ = {isa = PBXBuildFile; fileRef = DED813171485919800826EC4 /* CCTileMapAtlas.m */; };
		DED8131B1485919800826EC4 /* CCTMXLayer.m in Sources */ = {isa = PBXBuildFile; fileRef = DED8131A1485919800826EC4 /* CCTMXLayer.m */; };
		DED8131E1485919800826EC4 /* CCTMXObjectGroup.m in Sources */ = {isa = PBXBuildFile; fileRef = DED8131D1485919800826EC4 /* CCTMXObjectGroup.m */; };
		DED813211485919800826EC4 /* CCTMXTiledMap.m in Sources */ = {isa = PBXBuildFile; fileRef = DED813201485919800826EC4 /* CCTMXTiledMap.m */; };
		DED813241485919800826EC4 /* CCTMXXMLParser.m in Sources */ = {isa = PBXBuildFile; fileRef = DED813231485919800826EC4 /* CCTMXXMLParser.m */; };
		DED813271485919800826EC4 /* CCTransition.m in Sources */ = {isa = PBXBuildFile; fileRef = DED813261485919800826EC4 /* CCTransition.m */; };
		DED8132A1485919800826EC4 /* CCTransitionPageTurn.m in Sources */ = {isa = PBXBuildFile; fileRef = DED813291485919800826EC4 /* CCTransitionPageTurn.m */; };
		DED8132D1485919800826EC4 /* CCTransitionRadial.m in Sources */ = {isa = PBXBuildFile; fileRef = DED8132C1485919800826EC4 /* CCTransitionRadial.m */; };
		DED813311485919800826EC4 /* cocos2d.m in Sources */ = {isa = PBXBuildFile; fileRef = DED813301485919800826EC4 /* cocos2d.m */; };
		DED813381485919800826EC4 /* CCDirectorIOS.m in Sources */ = {isa = PBXBuildFile; fileRef = DED813371485919800826EC4 /* CCDirectorIOS.m */; };
		DED8133C1485919800826EC4 /* CCTouchDispatcher.m in Sources */ = {isa = PBXBuildFile; fileRef = DED8133B1485919800826EC4 /* CCTouchDispatcher.m */; };
		DED8133F1485919800826EC4 /* CCTouchHandler.m in Sources */ = {isa = PBXBuildFile; fileRef = DED8133E1485919800826EC4 /* CCTouchHandler.m */; };
		DED813421485919800826EC4 /* EAGLView.m in Sources */ = {isa = PBXBuildFile; fileRef = DED813411485919800826EC4 /* EAGLView.m */; };
		DED813451485919800826EC4 /* ES1Renderer.m in Sources */ = {isa = PBXBuildFile; fileRef = DED813441485919800826EC4 /* ES1Renderer.m */; };
		DED813481485919800826EC4 /* glu.c in Sources */ = {isa = PBXBuildFile; fileRef = DED813471485919800826EC4 /* glu.c */; };
		DED8134D1485919800826EC4 /* CCDirectorMac.m in Sources */ = {isa = PBXBuildFile; fileRef = DED8134C1485919800826EC4 /* CCDirectorMac.m */; };
		DED813501485919800826EC4 /* CCEventDispatcher.m in Sources */ = {isa = PBXBuildFile; fileRef = DED8134F1485919800826EC4 /* CCEventDispatcher.m */; };
		DED813531485919800826EC4 /* MacGLView.m in Sources */ = {isa = PBXBuildFile; fileRef = DED813521485919800826EC4 /* MacGLView.m */; };
		DED813561485919800826EC4 /* MacWindow.m in Sources */ = {isa = PBXBuildFile; fileRef = DED813551485919800826EC4 /* MacWindow.m */; };
		DED813591485919800826EC4 /* base64.c in Sources */ = {isa = PBXBuildFile; fileRef = DED813581485919800826EC4 /* base64.c */; };
		DED8135D1485919800826EC4 /* CCArray.m in Sources */ = {isa = PBXBuildFile; fileRef = DED8135C1485919800826EC4 /* CCArray.m */; };
		DED813611485919800826EC4 /* CCFileUtils.m in Sources */ = {isa = PBXBuildFile; fileRef = DED813601485919800826EC4 /* CCFileUtils.m */; };
		DED813641485919800826EC4 /* CCProfiling.m in Sources */ = {isa = PBXBuildFile; fileRef = DED813631485919800826EC4 /* CCProfiling.m */; };
		DED813661485919800826EC4 /* ccUtils.c in Sources */ = {isa = PBXBuildFile; fileRef = DED813651485919800826EC4 /* ccUtils.c */; };
		DED8136A1485919800826EC4 /* CGPointExtension.m in Sources */ = {isa = PBXBuildFile; fileRef = DED813691485919800826EC4 /* CGPointExtension.m */; };
		DED8136E1485919800826EC4 /* TGAlib.m in Sources */ = {isa = PBXBuildFile; fileRef = DED8136D1485919800826EC4 /* TGAlib.m */; };
		DED813711485919800826EC4 /* TransformUtils.m in Sources */ = {isa = PBXBuildFile; fileRef = DED813701485919800826EC4 /* TransformUtils.m */; };
		DED813761485919800826EC4 /* ZipUtils.m in Sources */ = {isa = PBXBuildFile; fileRef = DED813751485919800826EC4 /* ZipUtils.m */; };
		DED8137B1485919800826EC4 /* CDAudioManager.m in Sources */ = {isa = PBXBuildFile; fileRef = DED8137A1485919800826EC4 /* CDAudioManager.m */; };
		DED8137F1485919800826EC4 /* CDOpenALSupport.m in Sources */ = {isa = PBXBuildFile; fileRef = DED8137E1485919800826EC4 /* CDOpenALSupport.m */; };
		DED813821485919800826EC4 /* CocosDenshion.m in Sources */ = {isa = PBXBuildFile; fileRef = DED813811485919800826EC4 /* CocosDenshion.m */; };
		DED813851485919800826EC4 /* SimpleAudioEngine.m in Sources */ = {isa = PBXBuildFile; fileRef = DED813841485919800826EC4 /* SimpleAudioEngine.m */; };
		DED8138A1485919800826EC4 /* CLScoreServerPost.m in Sources */ = {isa = PBXBuildFile; fileRef = DED813891485919800826EC4 /* CLScoreServerPost.m */; };
		DED8138D1485919800826EC4 /* CLScoreServerRequest.m in Sources */ = {isa = PBXBuildFile; fileRef = DED8138C1485919800826EC4 /* CLScoreServerRequest.m */; };
		DED813901485919800826EC4 /* cocoslive.m in Sources */ = {isa = PBXBuildFile; fileRef = DED8138F1485919800826EC4 /* cocoslive.m */; };
		DED813951485919800826EC4 /* CDataScanner.m in Sources */ = {isa = PBXBuildFile; fileRef = DED813941485919800826EC4 /* CDataScanner.m */; };
		DED813991485919800826EC4 /* CDataScanner_Extensions.m in Sources */ = {isa = PBXBuildFile; fileRef = DED813981485919800826EC4 /* CDataScanner_Extensions.m */; };
		DED8139C1485919800826EC4 /* NSDictionary_JSONExtensions.m in Sources */ = {isa = PBXBuildFile; fileRef = DED8139B1485919800826EC4 /* NSDictionary_JSONExtensions.m */; };
		DED813A01485919800826EC4 /* CJSONDeserializer.m in Sources */ = {isa = PBXBuildFile; fileRef = DED8139F1485919800826EC4 /* CJSONDeserializer.m */; };
		DED813A31485919800826EC4 /* CJSONScanner.m in Sources */ = {isa = PBXBuildFile; fileRef = DED813A21485919800826EC4 /* CJSONScanner.m */; };
		DED813A61485919800826EC4 /* CJSONSerializer.m in Sources */ = {isa = PBXBuildFile; fileRef = DED813A51485919800826EC4 /* CJSONSerializer.m */; };
		DED813AB1485919900826EC4 /* FontLabel.m in Sources */ = {isa = PBXBuildFile; fileRef = DED813AA1485919900826EC4 /* FontLabel.m */; };
		DED813AE1485919900826EC4 /* FontLabelStringDrawing.m in Sources */ = {isa = PBXBuildFile; fileRef = DED813AD1485919900826EC4 /* FontLabelStringDrawing.m */; };
		DED813B11485919900826EC4 /* FontManager.m in Sources */ = {isa = PBXBuildFile; fileRef = DED813B01485919900826EC4 /* FontManager.m */; };
		DED813B41485919900826EC4 /* ZAttributedString.m in Sources */ = {isa = PBXBuildFile; fileRef = DED813B31485919900826EC4 /* ZAttributedString.m */; };
		DED813B81485919900826EC4 /* ZFont.m in Sources */ = {isa = PBXBuildFile; fileRef = DED813B71485919900826EC4 /* ZFont.m */; };
		DED813BD1485919900826EC4 /* main.m in Sources */ = {isa = PBXBuildFile; fileRef = DED813BC1485919900826EC4 /* main.m */; };
		DED813C01485919900826EC4 /* AppDelegate.m in Sources */ = {isa = PBXBuildFile; fileRef = DED813BF1485919900826EC4 /* AppDelegate.m */; };
		DED813C31485919900826EC4 /* RootViewController.m in Sources */ = {isa = PBXBuildFile; fileRef = DED813C21485919900826EC4 /* RootViewController.m */; };
		DED813C61485919900826EC4 /* HelloWorldLayer.m in Sources */ = {isa = PBXBuildFile; fileRef = DED813C51485919900826EC4 /* HelloWorldLayer.m */; };
/* End PBXBuildFile section */

/* Begin PBXFileReference section */
		DED812551485919600826EC4 /* SpaceViking.app */ = {isa = PBXFileReference; explicitFileType = wrapper.application; includeInIndex = 0; path = SpaceViking.app; sourceTree = BUILT_PRODUCTS_DIR; };
		DED812591485919600826EC4 /* QuartzCore.framework */ = {isa = PBXFileReference; lastKnownFileType = wrapper.framework; name = QuartzCore.framework; path = System/Library/Frameworks/QuartzCore.framework; sourceTree = SDKROOT; };
		DED8125B1485919600826EC4 /* OpenGLES.framework */ = {isa = PBXFileReference; lastKnownFileType = wrapper.framework; name = OpenGLES.framework; path = System/Library/Frameworks/OpenGLES.framework; sourceTree = SDKROOT; };
		DED8125D1485919600826EC4 /* OpenAL.framework */ = {isa = PBXFileReference; lastKnownFileType = wrapper.framework; name = OpenAL.framework; path = System/Library/Frameworks/OpenAL.framework; sourceTree = SDKROOT; };
		DED8125F1485919600826EC4 /* AudioToolbox.framework */ = {isa = PBXFileReference; lastKnownFileType = wrapper.framework; name = AudioToolbox.framework; path = System/Library/Frameworks/AudioToolbox.framework; sourceTree = SDKROOT; };
		DED812611485919600826EC4 /* AVFoundation.framework */ = {isa = PBXFileReference; lastKnownFileType = wrapper.framework; name = AVFoundation.framework; path = System/Library/Frameworks/AVFoundation.framework; sourceTree = SDKROOT; };
		DED812631485919600826EC4 /* UIKit.framework */ = {isa = PBXFileReference; lastKnownFileType = wrapper.framework; name = UIKit.framework; path = System/Library/Frameworks/UIKit.framework; sourceTree = SDKROOT; };
		DED812651485919600826EC4 /* Foundation.framework */ = {isa = PBXFileReference; lastKnownFileType = wrapper.framework; name = Foundation.framework; path = System/Library/Frameworks/Foundation.framework; sourceTree = SDKROOT; };
		DED812671485919600826EC4 /* CoreGraphics.framework */ = {isa = PBXFileReference; lastKnownFileType = wrapper.framework; name = CoreGraphics.framework; path = System/Library/Frameworks/CoreGraphics.framework; sourceTree = SDKROOT; };
		DED8126B1485919600826EC4 /* Default.png */ = {isa = PBXFileReference; lastKnownFileType = image.png; name = Default.png; path = Resources/Default.png; sourceTree = "<group>"; };
		DED8126D1485919600826EC4 /* fps_images.png */ = {isa = PBXFileReference; lastKnownFileType = image.png; name = fps_images.png; path = Resources/fps_images.png; sourceTree = "<group>"; };
		DED8126F1485919600826EC4 /* Icon-72.png */ = {isa = PBXFileReference; lastKnownFileType = image.png; name = "Icon-72.png"; path = "Resources/Icon-72.png"; sourceTree = "<group>"; };
		DED812711485919600826EC4 /* Icon-Small-50.png */ = {isa = PBXFileReference; lastKnownFileType = image.png; name = "Icon-Small-50.png"; path = "Resources/Icon-Small-50.png"; sourceTree = "<group>"; };
		DED812731485919600826EC4 /* Icon-Small.png */ = {isa = PBXFileReference; lastKnownFileType = image.png; name = "Icon-Small.png"; path = "Resources/Icon-Small.png"; sourceTree = "<group>"; };
		DED812751485919600826EC4 /* Icon-Small@2x.png */ = {isa = PBXFileReference; lastKnownFileType = image.png; name = "Icon-Small@2x.png"; path = "Resources/Icon-Small@2x.png"; sourceTree = "<group>"; };
		DED812771485919600826EC4 /* Icon.png */ = {isa = PBXFileReference; lastKnownFileType = image.png; name = Icon.png; path = Resources/Icon.png; sourceTree = "<group>"; };
		DED812791485919600826EC4 /* Icon@2x.png */ = {isa = PBXFileReference; lastKnownFileType = image.png; name = "Icon@2x.png"; path = "Resources/Icon@2x.png"; sourceTree = "<group>"; };
		DED8127B1485919600826EC4 /* Info.plist */ = {isa = PBXFileReference; name = Info.plist; path = Resources/Info.plist; sourceTree = "<group>"; };
		DED8127C1485919600826EC4 /* iTunesArtwork */ = {isa = PBXFileReference; lastKnownFileType = file; name = iTunesArtwork; path = Resources/iTunesArtwork; sourceTree = "<group>"; };
		DED812801485919700826EC4 /* CCAction.h */ = {isa = PBXFileReference; name = CCAction.h; path = libs/cocos2d/CCAction.h; sourceTree = "<group>"; };
		DED812811485919700826EC4 /* CCAction.m */ = {isa = PBXFileReference; lastKnownFileType = sourcecode.c.objc; name = CCAction.m; path = libs/cocos2d/CCAction.m; sourceTree = "<group>"; };
		DED812831485919700826EC4 /* CCActionCamera.h */ = {isa = PBXFileReference; name = CCActionCamera.h; path = libs/cocos2d/CCActionCamera.h; sourceTree = "<group>"; };
		DED812841485919700826EC4 /* CCActionCamera.m */ = {isa = PBXFileReference; lastKnownFileType = sourcecode.c.objc; name = CCActionCamera.m; path = libs/cocos2d/CCActionCamera.m; sourceTree = "<group>"; };
		DED812861485919700826EC4 /* CCActionEase.h */ = {isa = PBXFileReference; name = CCActionEase.h; path = libs/cocos2d/CCActionEase.h; sourceTree = "<group>"; };
		DED812871485919700826EC4 /* CCActionEase.m */ = {isa = PBXFileReference; lastKnownFileType = sourcecode.c.objc; name = CCActionEase.m; path = libs/cocos2d/CCActionEase.m; sourceTree = "<group>"; };
		DED812891485919700826EC4 /* CCActionGrid.h */ = {isa = PBXFileReference; name = CCActionGrid.h; path = libs/cocos2d/CCActionGrid.h; sourceTree = "<group>"; };
		DED8128A1485919700826EC4 /* CCActionGrid.m */ = {isa = PBXFileReference; lastKnownFileType = sourcecode.c.objc; name = CCActionGrid.m; path = libs/cocos2d/CCActionGrid.m; sourceTree = "<group>"; };
		DED8128C1485919700826EC4 /* CCActionGrid3D.h */ = {isa = PBXFileReference; name = CCActionGrid3D.h; path = libs/cocos2d/CCActionGrid3D.h; sourceTree = "<group>"; };
		DED8128D1485919700826EC4 /* CCActionGrid3D.m */ = {isa = PBXFileReference; lastKnownFileType = sourcecode.c.objc; name = CCActionGrid3D.m; path = libs/cocos2d/CCActionGrid3D.m; sourceTree = "<group>"; };
		DED8128F1485919700826EC4 /* CCActionInstant.h */ = {isa = PBXFileReference; name = CCActionInstant.h; path = libs/cocos2d/CCActionInstant.h; sourceTree = "<group>"; };
		DED812901485919700826EC4 /* CCActionInstant.m */ = {isa = PBXFileReference; lastKnownFileType = sourcecode.c.objc; name = CCActionInstant.m; path = libs/cocos2d/CCActionInstant.m; sourceTree = "<group>"; };
		DED812921485919700826EC4 /* CCActionInterval.h */ = {isa = PBXFileReference; name = CCActionInterval.h; path = libs/cocos2d/CCActionInterval.h; sourceTree = "<group>"; };
		DED812931485919700826EC4 /* CCActionInterval.m */ = {isa = PBXFileReference; lastKnownFileType = sourcecode.c.objc; name = CCActionInterval.m; path = libs/cocos2d/CCActionInterval.m; sourceTree = "<group>"; };
		DED812951485919700826EC4 /* CCActionManager.h */ = {isa = PBXFileReference; name = CCActionManager.h; path = libs/cocos2d/CCActionManager.h; sourceTree = "<group>"; };
		DED812961485919700826EC4 /* CCActionManager.m */ = {isa = PBXFileReference; lastKnownFileType = sourcecode.c.objc; name = CCActionManager.m; path = libs/cocos2d/CCActionManager.m; sourceTree = "<group>"; };
		DED812981485919700826EC4 /* CCActionPageTurn3D.h */ = {isa = PBXFileReference; name = CCActionPageTurn3D.h; path = libs/cocos2d/CCActionPageTurn3D.h; sourceTree = "<group>"; };
		DED812991485919700826EC4 /* CCActionPageTurn3D.m */ = {isa = PBXFileReference; lastKnownFileType = sourcecode.c.objc; name = CCActionPageTurn3D.m; path = libs/cocos2d/CCActionPageTurn3D.m; sourceTree = "<group>"; };
		DED8129B1485919700826EC4 /* CCActionProgressTimer.h */ = {isa = PBXFileReference; name = CCActionProgressTimer.h; path = libs/cocos2d/CCActionProgressTimer.h; sourceTree = "<group>"; };
		DED8129C1485919700826EC4 /* CCActionProgressTimer.m */ = {isa = PBXFileReference; lastKnownFileType = sourcecode.c.objc; name = CCActionProgressTimer.m; path = libs/cocos2d/CCActionProgressTimer.m; sourceTree = "<group>"; };
		DED8129E1485919700826EC4 /* CCActionTiledGrid.h */ = {isa = PBXFileReference; name = CCActionTiledGrid.h; path = libs/cocos2d/CCActionTiledGrid.h; sourceTree = "<group>"; };
		DED8129F1485919700826EC4 /* CCActionTiledGrid.m */ = {isa = PBXFileReference; lastKnownFileType = sourcecode.c.objc; name = CCActionTiledGrid.m; path = libs/cocos2d/CCActionTiledGrid.m; sourceTree = "<group>"; };
		DED812A11485919700826EC4 /* CCActionTween.h */ = {isa = PBXFileReference; name = CCActionTween.h; path = libs/cocos2d/CCActionTween.h; sourceTree = "<group>"; };
		DED812A21485919700826EC4 /* CCActionTween.m */ = {isa = PBXFileReference; lastKnownFileType = sourcecode.c.objc; name = CCActionTween.m; path = libs/cocos2d/CCActionTween.m; sourceTree = "<group>"; };
		DED812A41485919700826EC4 /* CCAnimation.h */ = {isa = PBXFileReference; name = CCAnimation.h; path = libs/cocos2d/CCAnimation.h; sourceTree = "<group>"; };
		DED812A51485919700826EC4 /* CCAnimation.m */ = {isa = PBXFileReference; lastKnownFileType = sourcecode.c.objc; name = CCAnimation.m; path = libs/cocos2d/CCAnimation.m; sourceTree = "<group>"; };
		DED812A71485919700826EC4 /* CCAnimationCache.h */ = {isa = PBXFileReference; name = CCAnimationCache.h; path = libs/cocos2d/CCAnimationCache.h; sourceTree = "<group>"; };
		DED812A81485919700826EC4 /* CCAnimationCache.m */ = {isa = PBXFileReference; lastKnownFileType = sourcecode.c.objc; name = CCAnimationCache.m; path = libs/cocos2d/CCAnimationCache.m; sourceTree = "<group>"; };
		DED812AA1485919700826EC4 /* CCAtlasNode.h */ = {isa = PBXFileReference; name = CCAtlasNode.h; path = libs/cocos2d/CCAtlasNode.h; sourceTree = "<group>"; };
		DED812AB1485919700826EC4 /* CCAtlasNode.m */ = {isa = PBXFileReference; lastKnownFileType = sourcecode.c.objc; name = CCAtlasNode.m; path = libs/cocos2d/CCAtlasNode.m; sourceTree = "<group>"; };
		DED812AD1485919700826EC4 /* CCBlockSupport.h */ = {isa = PBXFileReference; name = CCBlockSupport.h; path = libs/cocos2d/CCBlockSupport.h; sourceTree = "<group>"; };
		DED812AE1485919700826EC4 /* CCBlockSupport.m */ = {isa = PBXFileReference; lastKnownFileType = sourcecode.c.objc; name = CCBlockSupport.m; path = libs/cocos2d/CCBlockSupport.m; sourceTree = "<group>"; };
		DED812B01485919700826EC4 /* CCCamera.h */ = {isa = PBXFileReference; name = CCCamera.h; path = libs/cocos2d/CCCamera.h; sourceTree = "<group>"; };
		DED812B11485919700826EC4 /* CCCamera.m */ = {isa = PBXFileReference; lastKnownFileType = sourcecode.c.objc; name = CCCamera.m; path = libs/cocos2d/CCCamera.m; sourceTree = "<group>"; };
		DED812B31485919700826EC4 /* ccConfig.h */ = {isa = PBXFileReference; name = ccConfig.h; path = libs/cocos2d/ccConfig.h; sourceTree = "<group>"; };
		DED812B41485919700826EC4 /* CCConfiguration.h */ = {isa = PBXFileReference; name = CCConfiguration.h; path = libs/cocos2d/CCConfiguration.h; sourceTree = "<group>"; };
		DED812B51485919700826EC4 /* CCConfiguration.m */ = {isa = PBXFileReference; lastKnownFileType = sourcecode.c.objc; name = CCConfiguration.m; path = libs/cocos2d/CCConfiguration.m; sourceTree = "<group>"; };
		DED812B71485919700826EC4 /* CCDirector.h */ = {isa = PBXFileReference; name = CCDirector.h; path = libs/cocos2d/CCDirector.h; sourceTree = "<group>"; };
		DED812B81485919700826EC4 /* CCDirector.m */ = {isa = PBXFileReference; lastKnownFileType = sourcecode.c.objc; name = CCDirector.m; path = libs/cocos2d/CCDirector.m; sourceTree = "<group>"; };
		DED812BA1485919700826EC4 /* CCDrawingPrimitives.h */ = {isa = PBXFileReference; name = CCDrawingPrimitives.h; path = libs/cocos2d/CCDrawingPrimitives.h; sourceTree = "<group>"; };
		DED812BB1485919700826EC4 /* CCDrawingPrimitives.m */ = {isa = PBXFileReference; lastKnownFileType = sourcecode.c.objc; name = CCDrawingPrimitives.m; path = libs/cocos2d/CCDrawingPrimitives.m; sourceTree = "<group>"; };
		DED812BD1485919700826EC4 /* CCGrabber.h */ = {isa = PBXFileReference; name = CCGrabber.h; path = libs/cocos2d/CCGrabber.h; sourceTree = "<group>"; };
		DED812BE1485919700826EC4 /* CCGrabber.m */ = {isa = PBXFileReference; lastKnownFileType = sourcecode.c.objc; name = CCGrabber.m; path = libs/cocos2d/CCGrabber.m; sourceTree = "<group>"; };
		DED812C01485919700826EC4 /* CCGrid.h */ = {isa = PBXFileReference; name = CCGrid.h; path = libs/cocos2d/CCGrid.h; sourceTree = "<group>"; };
		DED812C11485919700826EC4 /* CCGrid.m */ = {isa = PBXFileReference; lastKnownFileType = sourcecode.c.objc; name = CCGrid.m; path = libs/cocos2d/CCGrid.m; sourceTree = "<group>"; };
		DED812C31485919700826EC4 /* CCLabelAtlas.h */ = {isa = PBXFileReference; name = CCLabelAtlas.h; path = libs/cocos2d/CCLabelAtlas.h; sourceTree = "<group>"; };
		DED812C41485919700826EC4 /* CCLabelAtlas.m */ = {isa = PBXFileReference; lastKnownFileType = sourcecode.c.objc; name = CCLabelAtlas.m; path = libs/cocos2d/CCLabelAtlas.m; sourceTree = "<group>"; };
		DED812C61485919700826EC4 /* CCLabelBMFont.h */ = {isa = PBXFileReference; name = CCLabelBMFont.h; path = libs/cocos2d/CCLabelBMFont.h; sourceTree = "<group>"; };
		DED812C71485919700826EC4 /* CCLabelBMFont.m */ = {isa = PBXFileReference; lastKnownFileType = sourcecode.c.objc; name = CCLabelBMFont.m; path = libs/cocos2d/CCLabelBMFont.m; sourceTree = "<group>"; };
		DED812C91485919700826EC4 /* CCLabelTTF.h */ = {isa = PBXFileReference; name = CCLabelTTF.h; path = libs/cocos2d/CCLabelTTF.h; sourceTree = "<group>"; };
		DED812CA1485919700826EC4 /* CCLabelTTF.m */ = {isa = PBXFileReference; lastKnownFileType = sourcecode.c.objc; name = CCLabelTTF.m; path = libs/cocos2d/CCLabelTTF.m; sourceTree = "<group>"; };
		DED812CC1485919700826EC4 /* CCLayer.h */ = {isa = PBXFileReference; name = CCLayer.h; path = libs/cocos2d/CCLayer.h; sourceTree = "<group>"; };
		DED812CD1485919700826EC4 /* CCLayer.m */ = {isa = PBXFileReference; lastKnownFileType = sourcecode.c.objc; name = CCLayer.m; path = libs/cocos2d/CCLayer.m; sourceTree = "<group>"; };
		DED812CF1485919700826EC4 /* ccMacros.h */ = {isa = PBXFileReference; name = ccMacros.h; path = libs/cocos2d/ccMacros.h; sourceTree = "<group>"; };
		DED812D01485919700826EC4 /* CCMenu.h */ = {isa = PBXFileReference; name = CCMenu.h; path = libs/cocos2d/CCMenu.h; sourceTree = "<group>"; };
		DED812D11485919700826EC4 /* CCMenu.m */ = {isa = PBXFileReference; lastKnownFileType = sourcecode.c.objc; name = CCMenu.m; path = libs/cocos2d/CCMenu.m; sourceTree = "<group>"; };
		DED812D31485919700826EC4 /* CCMenuItem.h */ = {isa = PBXFileReference; name = CCMenuItem.h; path = libs/cocos2d/CCMenuItem.h; sourceTree = "<group>"; };
		DED812D41485919700826EC4 /* CCMenuItem.m */ = {isa = PBXFileReference; lastKnownFileType = sourcecode.c.objc; name = CCMenuItem.m; path = libs/cocos2d/CCMenuItem.m; sourceTree = "<group>"; };
		DED812D61485919700826EC4 /* CCMotionStreak.h */ = {isa = PBXFileReference; name = CCMotionStreak.h; path = libs/cocos2d/CCMotionStreak.h; sourceTree = "<group>"; };
		DED812D71485919700826EC4 /* CCMotionStreak.m */ = {isa = PBXFileReference; lastKnownFileType = sourcecode.c.objc; name = CCMotionStreak.m; path = libs/cocos2d/CCMotionStreak.m; sourceTree = "<group>"; };
		DED812D91485919700826EC4 /* CCNode.h */ = {isa = PBXFileReference; name = CCNode.h; path = libs/cocos2d/CCNode.h; sourceTree = "<group>"; };
		DED812DA1485919700826EC4 /* CCNode.m */ = {isa = PBXFileReference; lastKnownFileType = sourcecode.c.objc; name = CCNode.m; path = libs/cocos2d/CCNode.m; sourceTree = "<group>"; };
		DED812DC1485919700826EC4 /* CCParallaxNode.h */ = {isa = PBXFileReference; name = CCParallaxNode.h; path = libs/cocos2d/CCParallaxNode.h; sourceTree = "<group>"; };
		DED812DD1485919700826EC4 /* CCParallaxNode.m */ = {isa = PBXFileReference; lastKnownFileType = sourcecode.c.objc; name = CCParallaxNode.m; path = libs/cocos2d/CCParallaxNode.m; sourceTree = "<group>"; };
		DED812DF1485919700826EC4 /* CCParticleBatchNode.h */ = {isa = PBXFileReference; name = CCParticleBatchNode.h; path = libs/cocos2d/CCParticleBatchNode.h; sourceTree = "<group>"; };
		DED812E01485919700826EC4 /* CCParticleBatchNode.m */ = {isa = PBXFileReference; lastKnownFileType = sourcecode.c.objc; name = CCParticleBatchNode.m; path = libs/cocos2d/CCParticleBatchNode.m; sourceTree = "<group>"; };
		DED812E21485919700826EC4 /* CCParticleExamples.h */ = {isa = PBXFileReference; name = CCParticleExamples.h; path = libs/cocos2d/CCParticleExamples.h; sourceTree = "<group>"; };
		DED812E31485919700826EC4 /* CCParticleExamples.m */ = {isa = PBXFileReference; lastKnownFileType = sourcecode.c.objc; name = CCParticleExamples.m; path = libs/cocos2d/CCParticleExamples.m; sourceTree = "<group>"; };
		DED812E51485919700826EC4 /* CCParticleSystem.h */ = {isa = PBXFileReference; name = CCParticleSystem.h; path = libs/cocos2d/CCParticleSystem.h; sourceTree = "<group>"; };
		DED812E61485919700826EC4 /* CCParticleSystem.m */ = {isa = PBXFileReference; lastKnownFileType = sourcecode.c.objc; name = CCParticleSystem.m; path = libs/cocos2d/CCParticleSystem.m; sourceTree = "<group>"; };
		DED812E81485919700826EC4 /* CCParticleSystemPoint.h */ = {isa = PBXFileReference; name = CCParticleSystemPoint.h; path = libs/cocos2d/CCParticleSystemPoint.h; sourceTree = "<group>"; };
		DED812E91485919700826EC4 /* CCParticleSystemPoint.m */ = {isa = PBXFileReference; lastKnownFileType = sourcecode.c.objc; name = CCParticleSystemPoint.m; path = libs/cocos2d/CCParticleSystemPoint.m; sourceTree = "<group>"; };
		DED812EB1485919700826EC4 /* CCParticleSystemQuad.h */ = {isa = PBXFileReference; name = CCParticleSystemQuad.h; path = libs/cocos2d/CCParticleSystemQuad.h; sourceTree = "<group>"; };
		DED812EC1485919700826EC4 /* CCParticleSystemQuad.m */ = {isa = PBXFileReference; lastKnownFileType = sourcecode.c.objc; name = CCParticleSystemQuad.m; path = libs/cocos2d/CCParticleSystemQuad.m; sourceTree = "<group>"; };
		DED812EE1485919700826EC4 /* CCProgressTimer.h */ = {isa = PBXFileReference; name = CCProgressTimer.h; path = libs/cocos2d/CCProgressTimer.h; sourceTree = "<group>"; };
		DED812EF1485919700826EC4 /* CCProgressTimer.m */ = {isa = PBXFileReference; lastKnownFileType = sourcecode.c.objc; name = CCProgressTimer.m; path = libs/cocos2d/CCProgressTimer.m; sourceTree = "<group>"; };
		DED812F11485919700826EC4 /* CCProtocols.h */ = {isa = PBXFileReference; name = CCProtocols.h; path = libs/cocos2d/CCProtocols.h; sourceTree = "<group>"; };
		DED812F21485919700826EC4 /* CCRenderTexture.h */ = {isa = PBXFileReference; name = CCRenderTexture.h; path = libs/cocos2d/CCRenderTexture.h; sourceTree = "<group>"; };
		DED812F31485919700826EC4 /* CCRenderTexture.m */ = {isa = PBXFileReference; lastKnownFileType = sourcecode.c.objc; name = CCRenderTexture.m; path = libs/cocos2d/CCRenderTexture.m; sourceTree = "<group>"; };
		DED812F51485919700826EC4 /* CCRibbon.h */ = {isa = PBXFileReference; name = CCRibbon.h; path = libs/cocos2d/CCRibbon.h; sourceTree = "<group>"; };
		DED812F61485919700826EC4 /* CCRibbon.m */ = {isa = PBXFileReference; lastKnownFileType = sourcecode.c.objc; name = CCRibbon.m; path = libs/cocos2d/CCRibbon.m; sourceTree = "<group>"; };
		DED812F81485919700826EC4 /* CCScene.h */ = {isa = PBXFileReference; name = CCScene.h; path = libs/cocos2d/CCScene.h; sourceTree = "<group>"; };
		DED812F91485919700826EC4 /* CCScene.m */ = {isa = PBXFileReference; lastKnownFileType = sourcecode.c.objc; name = CCScene.m; path = libs/cocos2d/CCScene.m; sourceTree = "<group>"; };
		DED812FB1485919700826EC4 /* CCScheduler.h */ = {isa = PBXFileReference; name = CCScheduler.h; path = libs/cocos2d/CCScheduler.h; sourceTree = "<group>"; };
		DED812FC1485919800826EC4 /* CCScheduler.m */ = {isa = PBXFileReference; lastKnownFileType = sourcecode.c.objc; name = CCScheduler.m; path = libs/cocos2d/CCScheduler.m; sourceTree = "<group>"; };
		DED812FE1485919800826EC4 /* CCSprite.h */ = {isa = PBXFileReference; name = CCSprite.h; path = libs/cocos2d/CCSprite.h; sourceTree = "<group>"; };
		DED812FF1485919800826EC4 /* CCSprite.m */ = {isa = PBXFileReference; lastKnownFileType = sourcecode.c.objc; name = CCSprite.m; path = libs/cocos2d/CCSprite.m; sourceTree = "<group>"; };
		DED813011485919800826EC4 /* CCSpriteBatchNode.h */ = {isa = PBXFileReference; name = CCSpriteBatchNode.h; path = libs/cocos2d/CCSpriteBatchNode.h; sourceTree = "<group>"; };
		DED813021485919800826EC4 /* CCSpriteBatchNode.m */ = {isa = PBXFileReference; lastKnownFileType = sourcecode.c.objc; name = CCSpriteBatchNode.m; path = libs/cocos2d/CCSpriteBatchNode.m; sourceTree = "<group>"; };
		DED813041485919800826EC4 /* CCSpriteFrame.h */ = {isa = PBXFileReference; name = CCSpriteFrame.h; path = libs/cocos2d/CCSpriteFrame.h; sourceTree = "<group>"; };
		DED813051485919800826EC4 /* CCSpriteFrame.m */ = {isa = PBXFileReference; lastKnownFileType = sourcecode.c.objc; name = CCSpriteFrame.m; path = libs/cocos2d/CCSpriteFrame.m; sourceTree = "<group>"; };
		DED813071485919800826EC4 /* CCSpriteFrameCache.h */ = {isa = PBXFileReference; name = CCSpriteFrameCache.h; path = libs/cocos2d/CCSpriteFrameCache.h; sourceTree = "<group>"; };
		DED813081485919800826EC4 /* CCSpriteFrameCache.m */ = {isa = PBXFileReference; lastKnownFileType = sourcecode.c.objc; name = CCSpriteFrameCache.m; path = libs/cocos2d/CCSpriteFrameCache.m; sourceTree = "<group>"; };
		DED8130A1485919800826EC4 /* CCTexture2D.h */ = {isa = PBXFileReference; name = CCTexture2D.h; path = libs/cocos2d/CCTexture2D.h; sourceTree = "<group>"; };
		DED8130B1485919800826EC4 /* CCTexture2D.m */ = {isa = PBXFileReference; lastKnownFileType = sourcecode.c.objc; name = CCTexture2D.m; path = libs/cocos2d/CCTexture2D.m; sourceTree = "<group>"; };
		DED8130D1485919800826EC4 /* CCTextureAtlas.h */ = {isa = PBXFileReference; name = CCTextureAtlas.h; path = libs/cocos2d/CCTextureAtlas.h; sourceTree = "<group>"; };
		DED8130E1485919800826EC4 /* CCTextureAtlas.m */ = {isa = PBXFileReference; lastKnownFileType = sourcecode.c.objc; name = CCTextureAtlas.m; path = libs/cocos2d/CCTextureAtlas.m; sourceTree = "<group>"; };
		DED813101485919800826EC4 /* CCTextureCache.h */ = {isa = PBXFileReference; name = CCTextureCache.h; path = libs/cocos2d/CCTextureCache.h; sourceTree = "<group>"; };
		DED813111485919800826EC4 /* CCTextureCache.m */ = {isa = PBXFileReference; lastKnownFileType = sourcecode.c.objc; name = CCTextureCache.m; path = libs/cocos2d/CCTextureCache.m; sourceTree = "<group>"; };
		DED813131485919800826EC4 /* CCTexturePVR.h */ = {isa = PBXFileReference; name = CCTexturePVR.h; path = libs/cocos2d/CCTexturePVR.h; sourceTree = "<group>"; };
		DED813141485919800826EC4 /* CCTexturePVR.m */ = {isa = PBXFileReference; lastKnownFileType = sourcecode.c.objc; name = CCTexturePVR.m; path = libs/cocos2d/CCTexturePVR.m; sourceTree = "<group>"; };
		DED813161485919800826EC4 /* CCTileMapAtlas.h */ = {isa = PBXFileReference; name = CCTileMapAtlas.h; path = libs/cocos2d/CCTileMapAtlas.h; sourceTree = "<group>"; };
		DED813171485919800826EC4 /* CCTileMapAtlas.m */ = {isa = PBXFileReference; lastKnownFileType = sourcecode.c.objc; name = CCTileMapAtlas.m; path = libs/cocos2d/CCTileMapAtlas.m; sourceTree = "<group>"; };
		DED813191485919800826EC4 /* CCTMXLayer.h */ = {isa = PBXFileReference; name = CCTMXLayer.h; path = libs/cocos2d/CCTMXLayer.h; sourceTree = "<group>"; };
		DED8131A1485919800826EC4 /* CCTMXLayer.m */ = {isa = PBXFileReference; lastKnownFileType = sourcecode.c.objc; name = CCTMXLayer.m; path = libs/cocos2d/CCTMXLayer.m; sourceTree = "<group>"; };
		DED8131C1485919800826EC4 /* CCTMXObjectGroup.h */ = {isa = PBXFileReference; name = CCTMXObjectGroup.h; path = libs/cocos2d/CCTMXObjectGroup.h; sourceTree = "<group>"; };
		DED8131D1485919800826EC4 /* CCTMXObjectGroup.m */ = {isa = PBXFileReference; lastKnownFileType = sourcecode.c.objc; name = CCTMXObjectGroup.m; path = libs/cocos2d/CCTMXObjectGroup.m; sourceTree = "<group>"; };
		DED8131F1485919800826EC4 /* CCTMXTiledMap.h */ = {isa = PBXFileReference; name = CCTMXTiledMap.h; path = libs/cocos2d/CCTMXTiledMap.h; sourceTree = "<group>"; };
		DED813201485919800826EC4 /* CCTMXTiledMap.m */ = {isa = PBXFileReference; lastKnownFileType = sourcecode.c.objc; name = CCTMXTiledMap.m; path = libs/cocos2d/CCTMXTiledMap.m; sourceTree = "<group>"; };
		DED813221485919800826EC4 /* CCTMXXMLParser.h */ = {isa = PBXFileReference; name = CCTMXXMLParser.h; path = libs/cocos2d/CCTMXXMLParser.h; sourceTree = "<group>"; };
		DED813231485919800826EC4 /* CCTMXXMLParser.m */ = {isa = PBXFileReference; lastKnownFileType = sourcecode.c.objc; name = CCTMXXMLParser.m; path = libs/cocos2d/CCTMXXMLParser.m; sourceTree = "<group>"; };
		DED813251485919800826EC4 /* CCTransition.h */ = {isa = PBXFileReference; name = CCTransition.h; path = libs/cocos2d/CCTransition.h; sourceTree = "<group>"; };
		DED813261485919800826EC4 /* CCTransition.m */ = {isa = PBXFileReference; lastKnownFileType = sourcecode.c.objc; name = CCTransition.m; path = libs/cocos2d/CCTransition.m; sourceTree = "<group>"; };
		DED813281485919800826EC4 /* CCTransitionPageTurn.h */ = {isa = PBXFileReference; name = CCTransitionPageTurn.h; path = libs/cocos2d/CCTransitionPageTurn.h; sourceTree = "<group>"; };
		DED813291485919800826EC4 /* CCTransitionPageTurn.m */ = {isa = PBXFileReference; lastKnownFileType = sourcecode.c.objc; name = CCTransitionPageTurn.m; path = libs/cocos2d/CCTransitionPageTurn.m; sourceTree = "<group>"; };
		DED8132B1485919800826EC4 /* CCTransitionRadial.h */ = {isa = PBXFileReference; name = CCTransitionRadial.h; path = libs/cocos2d/CCTransitionRadial.h; sourceTree = "<group>"; };
		DED8132C1485919800826EC4 /* CCTransitionRadial.m */ = {isa = PBXFileReference; lastKnownFileType = sourcecode.c.objc; name = CCTransitionRadial.m; path = libs/cocos2d/CCTransitionRadial.m; sourceTree = "<group>"; };
		DED8132E1485919800826EC4 /* ccTypes.h */ = {isa = PBXFileReference; name = ccTypes.h; path = libs/cocos2d/ccTypes.h; sourceTree = "<group>"; };
		DED8132F1485919800826EC4 /* cocos2d.h */ = {isa = PBXFileReference; name = cocos2d.h; path = libs/cocos2d/cocos2d.h; sourceTree = "<group>"; };
		DED813301485919800826EC4 /* cocos2d.m */ = {isa = PBXFileReference; lastKnownFileType = sourcecode.c.objc; name = cocos2d.m; path = libs/cocos2d/cocos2d.m; sourceTree = "<group>"; };
		DED813331485919800826EC4 /* CCGL.h */ = {isa = PBXFileReference; name = CCGL.h; path = libs/cocos2d/Platforms/CCGL.h; sourceTree = "<group>"; };
		DED813341485919800826EC4 /* CCNS.h */ = {isa = PBXFileReference; name = CCNS.h; path = libs/cocos2d/Platforms/CCNS.h; sourceTree = "<group>"; };
		DED813361485919800826EC4 /* CCDirectorIOS.h */ = {isa = PBXFileReference; name = CCDirectorIOS.h; path = libs/cocos2d/Platforms/iOS/CCDirectorIOS.h; sourceTree = "<group>"; };
		DED813371485919800826EC4 /* CCDirectorIOS.m */ = {isa = PBXFileReference; lastKnownFileType = sourcecode.c.objc; name = CCDirectorIOS.m; path = libs/cocos2d/Platforms/iOS/CCDirectorIOS.m; sourceTree = "<group>"; };
		DED813391485919800826EC4 /* CCTouchDelegateProtocol.h */ = {isa = PBXFileReference; name = CCTouchDelegateProtocol.h; path = libs/cocos2d/Platforms/iOS/CCTouchDelegateProtocol.h; sourceTree = "<group>"; };
		DED8133A1485919800826EC4 /* CCTouchDispatcher.h */ = {isa = PBXFileReference; name = CCTouchDispatcher.h; path = libs/cocos2d/Platforms/iOS/CCTouchDispatcher.h; sourceTree = "<group>"; };
		DED8133B1485919800826EC4 /* CCTouchDispatcher.m */ = {isa = PBXFileReference; lastKnownFileType = sourcecode.c.objc; name = CCTouchDispatcher.m; path = libs/cocos2d/Platforms/iOS/CCTouchDispatcher.m; sourceTree = "<group>"; };
		DED8133D1485919800826EC4 /* CCTouchHandler.h */ = {isa = PBXFileReference; name = CCTouchHandler.h; path = libs/cocos2d/Platforms/iOS/CCTouchHandler.h; sourceTree = "<group>"; };
		DED8133E1485919800826EC4 /* CCTouchHandler.m */ = {isa = PBXFileReference; lastKnownFileType = sourcecode.c.objc; name = CCTouchHandler.m; path = libs/cocos2d/Platforms/iOS/CCTouchHandler.m; sourceTree = "<group>"; };
		DED813401485919800826EC4 /* EAGLView.h */ = {isa = PBXFileReference; name = EAGLView.h; path = libs/cocos2d/Platforms/iOS/EAGLView.h; sourceTree = "<group>"; };
		DED813411485919800826EC4 /* EAGLView.m */ = {isa = PBXFileReference; lastKnownFileType = sourcecode.c.objc; name = EAGLView.m; path = libs/cocos2d/Platforms/iOS/EAGLView.m; sourceTree = "<group>"; };
		DED813431485919800826EC4 /* ES1Renderer.h */ = {isa = PBXFileReference; name = ES1Renderer.h; path = libs/cocos2d/Platforms/iOS/ES1Renderer.h; sourceTree = "<group>"; };
		DED813441485919800826EC4 /* ES1Renderer.m */ = {isa = PBXFileReference; lastKnownFileType = sourcecode.c.objc; name = ES1Renderer.m; path = libs/cocos2d/Platforms/iOS/ES1Renderer.m; sourceTree = "<group>"; };
		DED813461485919800826EC4 /* ESRenderer.h */ = {isa = PBXFileReference; name = ESRenderer.h; path = libs/cocos2d/Platforms/iOS/ESRenderer.h; sourceTree = "<group>"; };
		DED813471485919800826EC4 /* glu.c */ = {isa = PBXFileReference; lastKnownFileType = sourcecode.c.c; name = glu.c; path = libs/cocos2d/Platforms/iOS/glu.c; sourceTree = "<group>"; };
		DED813491485919800826EC4 /* glu.h */ = {isa = PBXFileReference; name = glu.h; path = libs/cocos2d/Platforms/iOS/glu.h; sourceTree = "<group>"; };
		DED8134B1485919800826EC4 /* CCDirectorMac.h */ = {isa = PBXFileReference; name = CCDirectorMac.h; path = libs/cocos2d/Platforms/Mac/CCDirectorMac.h; sourceTree = "<group>"; };
		DED8134C1485919800826EC4 /* CCDirectorMac.m */ = {isa = PBXFileReference; lastKnownFileType = sourcecode.c.objc; name = CCDirectorMac.m; path = libs/cocos2d/Platforms/Mac/CCDirectorMac.m; sourceTree = "<group>"; };
		DED8134E1485919800826EC4 /* CCEventDispatcher.h */ = {isa = PBXFileReference; name = CCEventDispatcher.h; path = libs/cocos2d/Platforms/Mac/CCEventDispatcher.h; sourceTree = "<group>"; };
		DED8134F1485919800826EC4 /* CCEventDispatcher.m */ = {isa = PBXFileReference; lastKnownFileType = sourcecode.c.objc; name = CCEventDispatcher.m; path = libs/cocos2d/Platforms/Mac/CCEventDispatcher.m; sourceTree = "<group>"; };
		DED813511485919800826EC4 /* MacGLView.h */ = {isa = PBXFileReference; name = MacGLView.h; path = libs/cocos2d/Platforms/Mac/MacGLView.h; sourceTree = "<group>"; };
		DED813521485919800826EC4 /* MacGLView.m */ = {isa = PBXFileReference; lastKnownFileType = sourcecode.c.objc; name = MacGLView.m; path = libs/cocos2d/Platforms/Mac/MacGLView.m; sourceTree = "<group>"; };
		DED813541485919800826EC4 /* MacWindow.h */ = {isa = PBXFileReference; name = MacWindow.h; path = libs/cocos2d/Platforms/Mac/MacWindow.h; sourceTree = "<group>"; };
		DED813551485919800826EC4 /* MacWindow.m */ = {isa = PBXFileReference; lastKnownFileType = sourcecode.c.objc; name = MacWindow.m; path = libs/cocos2d/Platforms/Mac/MacWindow.m; sourceTree = "<group>"; };
		DED813581485919800826EC4 /* base64.c */ = {isa = PBXFileReference; lastKnownFileType = sourcecode.c.c; name = base64.c; path = libs/cocos2d/Support/base64.c; sourceTree = "<group>"; };
		DED8135A1485919800826EC4 /* base64.h */ = {isa = PBXFileReference; name = base64.h; path = libs/cocos2d/Support/base64.h; sourceTree = "<group>"; };
		DED8135B1485919800826EC4 /* CCArray.h */ = {isa = PBXFileReference; name = CCArray.h; path = libs/cocos2d/Support/CCArray.h; sourceTree = "<group>"; };
		DED8135C1485919800826EC4 /* CCArray.m */ = {isa = PBXFileReference; lastKnownFileType = sourcecode.c.objc; name = CCArray.m; path = libs/cocos2d/Support/CCArray.m; sourceTree = "<group>"; };
		DED8135E1485919800826EC4 /* ccCArray.h */ = {isa = PBXFileReference; name = ccCArray.h; path = libs/cocos2d/Support/ccCArray.h; sourceTree = "<group>"; };
		DED8135F1485919800826EC4 /* CCFileUtils.h */ = {isa = PBXFileReference; name = CCFileUtils.h; path = libs/cocos2d/Support/CCFileUtils.h; sourceTree = "<group>"; };
		DED813601485919800826EC4 /* CCFileUtils.m */ = {isa = PBXFileReference; lastKnownFileType = sourcecode.c.objc; name = CCFileUtils.m; path = libs/cocos2d/Support/CCFileUtils.m; sourceTree = "<group>"; };
		DED813621485919800826EC4 /* CCProfiling.h */ = {isa = PBXFileReference; name = CCProfiling.h; path = libs/cocos2d/Support/CCProfiling.h; sourceTree = "<group>"; };
		DED813631485919800826EC4 /* CCProfiling.m */ = {isa = PBXFileReference; lastKnownFileType = sourcecode.c.objc; name = CCProfiling.m; path = libs/cocos2d/Support/CCProfiling.m; sourceTree = "<group>"; };
		DED813651485919800826EC4 /* ccUtils.c */ = {isa = PBXFileReference; lastKnownFileType = sourcecode.c.c; name = ccUtils.c; path = libs/cocos2d/Support/ccUtils.c; sourceTree = "<group>"; };
		DED813671485919800826EC4 /* ccUtils.h */ = {isa = PBXFileReference; name = ccUtils.h; path = libs/cocos2d/Support/ccUtils.h; sourceTree = "<group>"; };
		DED813681485919800826EC4 /* CGPointExtension.h */ = {isa = PBXFileReference; name = CGPointExtension.h; path = libs/cocos2d/Support/CGPointExtension.h; sourceTree = "<group>"; };
		DED813691485919800826EC4 /* CGPointExtension.m */ = {isa = PBXFileReference; lastKnownFileType = sourcecode.c.objc; name = CGPointExtension.m; path = libs/cocos2d/Support/CGPointExtension.m; sourceTree = "<group>"; };
		DED8136B1485919800826EC4 /* OpenGL_Internal.h */ = {isa = PBXFileReference; name = OpenGL_Internal.h; path = libs/cocos2d/Support/OpenGL_Internal.h; sourceTree = "<group>"; };
		DED8136C1485919800826EC4 /* TGAlib.h */ = {isa = PBXFileReference; name = TGAlib.h; path = libs/cocos2d/Support/TGAlib.h; sourceTree = "<group>"; };
		DED8136D1485919800826EC4 /* TGAlib.m */ = {isa = PBXFileReference; lastKnownFileType = sourcecode.c.objc; name = TGAlib.m; path = libs/cocos2d/Support/TGAlib.m; sourceTree = "<group>"; };
		DED8136F1485919800826EC4 /* TransformUtils.h */ = {isa = PBXFileReference; name = TransformUtils.h; path = libs/cocos2d/Support/TransformUtils.h; sourceTree = "<group>"; };
		DED813701485919800826EC4 /* TransformUtils.m */ = {isa = PBXFileReference; lastKnownFileType = sourcecode.c.objc; name = TransformUtils.m; path = libs/cocos2d/Support/TransformUtils.m; sourceTree = "<group>"; };
		DED813721485919800826EC4 /* uthash.h */ = {isa = PBXFileReference; name = uthash.h; path = libs/cocos2d/Support/uthash.h; sourceTree = "<group>"; };
		DED813731485919800826EC4 /* utlist.h */ = {isa = PBXFileReference; name = utlist.h; path = libs/cocos2d/Support/utlist.h; sourceTree = "<group>"; };
		DED813741485919800826EC4 /* ZipUtils.h */ = {isa = PBXFileReference; name = ZipUtils.h; path = libs/cocos2d/Support/ZipUtils.h; sourceTree = "<group>"; };
		DED813751485919800826EC4 /* ZipUtils.m */ = {isa = PBXFileReference; lastKnownFileType = sourcecode.c.objc; name = ZipUtils.m; path = libs/cocos2d/Support/ZipUtils.m; sourceTree = "<group>"; };
		DED813771485919800826EC4 /* LICENSE_cocos2d.txt */ = {isa = PBXFileReference; name = LICENSE_cocos2d.txt; path = libs/LICENSE_cocos2d.txt; sourceTree = "<group>"; };
		DED813791485919800826EC4 /* CDAudioManager.h */ = {isa = PBXFileReference; name = CDAudioManager.h; path = libs/CocosDenshion/CDAudioManager.h; sourceTree = "<group>"; };
		DED8137A1485919800826EC4 /* CDAudioManager.m */ = {isa = PBXFileReference; lastKnownFileType = sourcecode.c.objc; name = CDAudioManager.m; path = libs/CocosDenshion/CDAudioManager.m; sourceTree = "<group>"; };
		DED8137C1485919800826EC4 /* CDConfig.h */ = {isa = PBXFileReference; name = CDConfig.h; path = libs/CocosDenshion/CDConfig.h; sourceTree = "<group>"; };
		DED8137D1485919800826EC4 /* CDOpenALSupport.h */ = {isa = PBXFileReference; name = CDOpenALSupport.h; path = libs/CocosDenshion/CDOpenALSupport.h; sourceTree = "<group>"; };
		DED8137E1485919800826EC4 /* CDOpenALSupport.m */ = {isa = PBXFileReference; lastKnownFileType = sourcecode.c.objc; name = CDOpenALSupport.m; path = libs/CocosDenshion/CDOpenALSupport.m; sourceTree = "<group>"; };
		DED813801485919800826EC4 /* CocosDenshion.h */ = {isa = PBXFileReference; name = CocosDenshion.h; path = libs/CocosDenshion/CocosDenshion.h; sourceTree = "<group>"; };
		DED813811485919800826EC4 /* CocosDenshion.m */ = {isa = PBXFileReference; lastKnownFileType = sourcecode.c.objc; name = CocosDenshion.m; path = libs/CocosDenshion/CocosDenshion.m; sourceTree = "<group>"; };
		DED813831485919800826EC4 /* SimpleAudioEngine.h */ = {isa = PBXFileReference; name = SimpleAudioEngine.h; path = libs/CocosDenshion/SimpleAudioEngine.h; sourceTree = "<group>"; };
		DED813841485919800826EC4 /* SimpleAudioEngine.m */ = {isa = PBXFileReference; lastKnownFileType = sourcecode.c.objc; name = SimpleAudioEngine.m; path = libs/CocosDenshion/SimpleAudioEngine.m; sourceTree = "<group>"; };
		DED813861485919800826EC4 /* LICENSE_CocosDenshion.txt */ = {isa = PBXFileReference; name = LICENSE_CocosDenshion.txt; path = libs/LICENSE_CocosDenshion.txt; sourceTree = "<group>"; };
		DED813881485919800826EC4 /* CLScoreServerPost.h */ = {isa = PBXFileReference; name = CLScoreServerPost.h; path = libs/cocoslive/CLScoreServerPost.h; sourceTree = "<group>"; };
		DED813891485919800826EC4 /* CLScoreServerPost.m */ = {isa = PBXFileReference; lastKnownFileType = sourcecode.c.objc; name = CLScoreServerPost.m; path = libs/cocoslive/CLScoreServerPost.m; sourceTree = "<group>"; };
		DED8138B1485919800826EC4 /* CLScoreServerRequest.h */ = {isa = PBXFileReference; name = CLScoreServerRequest.h; path = libs/cocoslive/CLScoreServerRequest.h; sourceTree = "<group>"; };
		DED8138C1485919800826EC4 /* CLScoreServerRequest.m */ = {isa = PBXFileReference; lastKnownFileType = sourcecode.c.objc; name = CLScoreServerRequest.m; path = libs/cocoslive/CLScoreServerRequest.m; sourceTree = "<group>"; };
		DED8138E1485919800826EC4 /* cocoslive.h */ = {isa = PBXFileReference; name = cocoslive.h; path = libs/cocoslive/cocoslive.h; sourceTree = "<group>"; };
		DED8138F1485919800826EC4 /* cocoslive.m */ = {isa = PBXFileReference; lastKnownFileType = sourcecode.c.objc; name = cocoslive.m; path = libs/cocoslive/cocoslive.m; sourceTree = "<group>"; };
		DED813911485919800826EC4 /* LICENSE_TouchJSON.txt */ = {isa = PBXFileReference; name = LICENSE_TouchJSON.txt; path = libs/LICENSE_TouchJSON.txt; sourceTree = "<group>"; };
		DED813931485919800826EC4 /* CDataScanner.h */ = {isa = PBXFileReference; name = CDataScanner.h; path = libs/TouchJSON/CDataScanner.h; sourceTree = "<group>"; };
		DED813941485919800826EC4 /* CDataScanner.m */ = {isa = PBXFileReference; lastKnownFileType = sourcecode.c.objc; name = CDataScanner.m; path = libs/TouchJSON/CDataScanner.m; sourceTree = "<group>"; };
		DED813971485919800826EC4 /* CDataScanner_Extensions.h */ = {isa = PBXFileReference; name = CDataScanner_Extensions.h; path = libs/TouchJSON/Extensions/CDataScanner_Extensions.h; sourceTree = "<group>"; };
		DED813981485919800826EC4 /* CDataScanner_Extensions.m */ = {isa = PBXFileReference; lastKnownFileType = sourcecode.c.objc; name = CDataScanner_Extensions.m; path = libs/TouchJSON/Extensions/CDataScanner_Extensions.m; sourceTree = "<group>"; };
		DED8139A1485919800826EC4 /* NSDictionary_JSONExtensions.h */ = {isa = PBXFileReference; name = NSDictionary_JSONExtensions.h; path = libs/TouchJSON/Extensions/NSDictionary_JSONExtensions.h; sourceTree = "<group>"; };
		DED8139B1485919800826EC4 /* NSDictionary_JSONExtensions.m */ = {isa = PBXFileReference; lastKnownFileType = sourcecode.c.objc; name = NSDictionary_JSONExtensions.m; path = libs/TouchJSON/Extensions/NSDictionary_JSONExtensions.m; sourceTree = "<group>"; };
		DED8139E1485919800826EC4 /* CJSONDeserializer.h */ = {isa = PBXFileReference; name = CJSONDeserializer.h; path = libs/TouchJSON/JSON/CJSONDeserializer.h; sourceTree = "<group>"; };
		DED8139F1485919800826EC4 /* CJSONDeserializer.m */ = {isa = PBXFileReference; lastKnownFileType = sourcecode.c.objc; name = CJSONDeserializer.m; path = libs/TouchJSON/JSON/CJSONDeserializer.m; sourceTree = "<group>"; };
		DED813A11485919800826EC4 /* CJSONScanner.h */ = {isa = PBXFileReference; name = CJSONScanner.h; path = libs/TouchJSON/JSON/CJSONScanner.h; sourceTree = "<group>"; };
		DED813A21485919800826EC4 /* CJSONScanner.m */ = {isa = PBXFileReference; lastKnownFileType = sourcecode.c.objc; name = CJSONScanner.m; path = libs/TouchJSON/JSON/CJSONScanner.m; sourceTree = "<group>"; };
		DED813A41485919800826EC4 /* CJSONSerializer.h */ = {isa = PBXFileReference; name = CJSONSerializer.h; path = libs/TouchJSON/JSON/CJSONSerializer.h; sourceTree = "<group>"; };
		DED813A51485919800826EC4 /* CJSONSerializer.m */ = {isa = PBXFileReference; lastKnownFileType = sourcecode.c.objc; name = CJSONSerializer.m; path = libs/TouchJSON/JSON/CJSONSerializer.m; sourceTree = "<group>"; };
		DED813A71485919800826EC4 /* JSONRepresentation.h */ = {isa = PBXFileReference; name = JSONRepresentation.h; path = libs/TouchJSON/JSON/JSONRepresentation.h; sourceTree = "<group>"; };
		DED813A91485919800826EC4 /* FontLabel.h */ = {isa = PBXFileReference; name = FontLabel.h; path = libs/FontLabel/FontLabel.h; sourceTree = "<group>"; };
		DED813AA1485919900826EC4 /* FontLabel.m */ = {isa = PBXFileReference; lastKnownFileType = sourcecode.c.objc; name = FontLabel.m; path = libs/FontLabel/FontLabel.m; sourceTree = "<group>"; };
		DED813AC1485919900826EC4 /* FontLabelStringDrawing.h */ = {isa = PBXFileReference; name = FontLabelStringDrawing.h; path = libs/FontLabel/FontLabelStringDrawing.h; sourceTree = "<group>"; };
		DED813AD1485919900826EC4 /* FontLabelStringDrawing.m */ = {isa = PBXFileReference; lastKnownFileType = sourcecode.c.objc; name = FontLabelStringDrawing.m; path = libs/FontLabel/FontLabelStringDrawing.m; sourceTree = "<group>"; };
		DED813AF1485919900826EC4 /* FontManager.h */ = {isa = PBXFileReference; name = FontManager.h; path = libs/FontLabel/FontManager.h; sourceTree = "<group>"; };
		DED813B01485919900826EC4 /* FontManager.m */ = {isa = PBXFileReference; lastKnownFileType = sourcecode.c.objc; name = FontManager.m; path = libs/FontLabel/FontManager.m; sourceTree = "<group>"; };
		DED813B21485919900826EC4 /* ZAttributedString.h */ = {isa = PBXFileReference; name = ZAttributedString.h; path = libs/FontLabel/ZAttributedString.h; sourceTree = "<group>"; };
		DED813B31485919900826EC4 /* ZAttributedString.m */ = {isa = PBXFileReference; lastKnownFileType = sourcecode.c.objc; name = ZAttributedString.m; path = libs/FontLabel/ZAttributedString.m; sourceTree = "<group>"; };
		DED813B51485919900826EC4 /* ZAttributedStringPrivate.h */ = {isa = PBXFileReference; name = ZAttributedStringPrivate.h; path = libs/FontLabel/ZAttributedStringPrivate.h; sourceTree = "<group>"; };
		DED813B61485919900826EC4 /* ZFont.h */ = {isa = PBXFileReference; name = ZFont.h; path = libs/FontLabel/ZFont.h; sourceTree = "<group>"; };
		DED813B71485919900826EC4 /* ZFont.m */ = {isa = PBXFileReference; lastKnownFileType = sourcecode.c.objc; name = ZFont.m; path = libs/FontLabel/ZFont.m; sourceTree = "<group>"; };
		DED813B91485919900826EC4 /* LICENSE_FontLabel.txt */ = {isa = PBXFileReference; name = LICENSE_FontLabel.txt; path = libs/LICENSE_FontLabel.txt; sourceTree = "<group>"; };
		DED813BB1485919900826EC4 /* Prefix.pch */ = {isa = PBXFileReference; path = Prefix.pch; sourceTree = "<group>"; };
		DED813BC1485919900826EC4 /* main.m */ = {isa = PBXFileReference; lastKnownFileType = sourcecode.c.objc; path = main.m; sourceTree = "<group>"; };
		DED813BE1485919900826EC4 /* AppDelegate.h */ = {isa = PBXFileReference; path = AppDelegate.h; sourceTree = "<group>"; };
		DED813BF1485919900826EC4 /* AppDelegate.m */ = {isa = PBXFileReference; lastKnownFileType = sourcecode.c.objc; path = AppDelegate.m; sourceTree = "<group>"; };
		DED813C11485919900826EC4 /* RootViewController.h */ = {isa = PBXFileReference; path = RootViewController.h; sourceTree = "<group>"; };
		DED813C21485919900826EC4 /* RootViewController.m */ = {isa = PBXFileReference; lastKnownFileType = sourcecode.c.objc; path = RootViewController.m; sourceTree = "<group>"; };
		DED813C41485919900826EC4 /* HelloWorldLayer.h */ = {isa = PBXFileReference; path = HelloWorldLayer.h; sourceTree = "<group>"; };
		DED813C51485919900826EC4 /* HelloWorldLayer.m */ = {isa = PBXFileReference; lastKnownFileType = sourcecode.c.objc; path = HelloWorldLayer.m; sourceTree = "<group>"; };
		DED813C71485919900826EC4 /* GameConfig.h */ = {isa = PBXFileReference; path = GameConfig.h; sourceTree = "<group>"; };
/* End PBXFileReference section */

/* Begin PBXFrameworksBuildPhase section */
		DED812521485919600826EC4 /* Frameworks */ = {
			isa = PBXFrameworksBuildPhase;
			buildActionMask = 2147483647;
			files = (
				DED8125A1485919600826EC4 /* QuartzCore.framework in Frameworks */,
				DED8125C1485919600826EC4 /* OpenGLES.framework in Frameworks */,
				DED8125E1485919600826EC4 /* OpenAL.framework in Frameworks */,
				DED812601485919600826EC4 /* AudioToolbox.framework in Frameworks */,
				DED812621485919600826EC4 /* AVFoundation.framework in Frameworks */,
				DED812641485919600826EC4 /* UIKit.framework in Frameworks */,
				DED812661485919600826EC4 /* Foundation.framework in Frameworks */,
				DED812681485919600826EC4 /* CoreGraphics.framework in Frameworks */,
			);
			runOnlyForDeploymentPostprocessing = 0;
		};
/* End PBXFrameworksBuildPhase section */

/* Begin PBXGroup section */
		DED8124A1485919600826EC4 = {
			isa = PBXGroup;
			children = (
				DED812691485919600826EC4 /* SpaceViking */,
				DED812581485919600826EC4 /* Frameworks */,
				DED812561485919600826EC4 /* Products */,
			);
			sourceTree = "<group>";
		};
		DED812561485919600826EC4 /* Products */ = {
			isa = PBXGroup;
			children = (
				DED812551485919600826EC4 /* SpaceViking.app */,
			);
			name = Products;
			sourceTree = "<group>";
		};
		DED812581485919600826EC4 /* Frameworks */ = {
			isa = PBXGroup;
			children = (
				DED812591485919600826EC4 /* QuartzCore.framework */,
				DED8125B1485919600826EC4 /* OpenGLES.framework */,
				DED8125D1485919600826EC4 /* OpenAL.framework */,
				DED8125F1485919600826EC4 /* AudioToolbox.framework */,
				DED812611485919600826EC4 /* AVFoundation.framework */,
				DED812631485919600826EC4 /* UIKit.framework */,
				DED812651485919600826EC4 /* Foundation.framework */,
				DED812671485919600826EC4 /* CoreGraphics.framework */,
			);
			name = Frameworks;
			sourceTree = "<group>";
		};
		DED812691485919600826EC4 /* SpaceViking */ = {
			isa = PBXGroup;
			children = (
				DED813BE1485919900826EC4 /* AppDelegate.h */,
				DED813BF1485919900826EC4 /* AppDelegate.m */,
				DED813C11485919900826EC4 /* RootViewController.h */,
				DED813C21485919900826EC4 /* RootViewController.m */,
				DED813C41485919900826EC4 /* HelloWorldLayer.h */,
				DED813C51485919900826EC4 /* HelloWorldLayer.m */,
				DED813C71485919900826EC4 /* GameConfig.h */,
				DED8126A1485919600826EC4 /* Resources */,
				DED8127E1485919700826EC4 /* libs */,
				DED813BA1485919900826EC4 /* Supporting Files */,
			);
			path = SpaceViking;
			sourceTree = "<group>";
		};
		DED8126A1485919600826EC4 /* Resources */ = {
			isa = PBXGroup;
			children = (
				DED8126B1485919600826EC4 /* Default.png */,
				DED8126D1485919600826EC4 /* fps_images.png */,
				DED8126F1485919600826EC4 /* Icon-72.png */,
				DED812711485919600826EC4 /* Icon-Small-50.png */,
				DED812731485919600826EC4 /* Icon-Small.png */,
				DED812751485919600826EC4 /* Icon-Small@2x.png */,
				DED812771485919600826EC4 /* Icon.png */,
				DED812791485919600826EC4 /* Icon@2x.png */,
				DED8127B1485919600826EC4 /* Info.plist */,
				DED8127C1485919600826EC4 /* iTunesArtwork */,
			);
			name = Resources;
			sourceTree = "<group>";
		};
		DED8127E1485919700826EC4 /* libs */ = {
			isa = PBXGroup;
			children = (
				DED813771485919800826EC4 /* LICENSE_cocos2d.txt */,
				DED813861485919800826EC4 /* LICENSE_CocosDenshion.txt */,
				DED813911485919800826EC4 /* LICENSE_TouchJSON.txt */,
				DED813B91485919900826EC4 /* LICENSE_FontLabel.txt */,
				DED8127F1485919700826EC4 /* cocos2d */,
				DED813781485919800826EC4 /* CocosDenshion */,
				DED813871485919800826EC4 /* cocoslive */,
				DED813921485919800826EC4 /* TouchJSON */,
				DED813A81485919800826EC4 /* FontLabel */,
			);
			name = libs;
			sourceTree = "<group>";
		};
		DED8127F1485919700826EC4 /* cocos2d */ = {
			isa = PBXGroup;
			children = (
				DED812801485919700826EC4 /* CCAction.h */,
				DED812811485919700826EC4 /* CCAction.m */,
				DED812831485919700826EC4 /* CCActionCamera.h */,
				DED812841485919700826EC4 /* CCActionCamera.m */,
				DED812861485919700826EC4 /* CCActionEase.h */,
				DED812871485919700826EC4 /* CCActionEase.m */,
				DED812891485919700826EC4 /* CCActionGrid.h */,
				DED8128A1485919700826EC4 /* CCActionGrid.m */,
				DED8128C1485919700826EC4 /* CCActionGrid3D.h */,
				DED8128D1485919700826EC4 /* CCActionGrid3D.m */,
				DED8128F1485919700826EC4 /* CCActionInstant.h */,
				DED812901485919700826EC4 /* CCActionInstant.m */,
				DED812921485919700826EC4 /* CCActionInterval.h */,
				DED812931485919700826EC4 /* CCActionInterval.m */,
				DED812951485919700826EC4 /* CCActionManager.h */,
				DED812961485919700826EC4 /* CCActionManager.m */,
				DED812981485919700826EC4 /* CCActionPageTurn3D.h */,
				DED812991485919700826EC4 /* CCActionPageTurn3D.m */,
				DED8129B1485919700826EC4 /* CCActionProgressTimer.h */,
				DED8129C1485919700826EC4 /* CCActionProgressTimer.m */,
				DED8129E1485919700826EC4 /* CCActionTiledGrid.h */,
				DED8129F1485919700826EC4 /* CCActionTiledGrid.m */,
				DED812A11485919700826EC4 /* CCActionTween.h */,
				DED812A21485919700826EC4 /* CCActionTween.m */,
				DED812A41485919700826EC4 /* CCAnimation.h */,
				DED812A51485919700826EC4 /* CCAnimation.m */,
				DED812A71485919700826EC4 /* CCAnimationCache.h */,
				DED812A81485919700826EC4 /* CCAnimationCache.m */,
				DED812AA1485919700826EC4 /* CCAtlasNode.h */,
				DED812AB1485919700826EC4 /* CCAtlasNode.m */,
				DED812AD1485919700826EC4 /* CCBlockSupport.h */,
				DED812AE1485919700826EC4 /* CCBlockSupport.m */,
				DED812B01485919700826EC4 /* CCCamera.h */,
				DED812B11485919700826EC4 /* CCCamera.m */,
				DED812B31485919700826EC4 /* ccConfig.h */,
				DED812B41485919700826EC4 /* CCConfiguration.h */,
				DED812B51485919700826EC4 /* CCConfiguration.m */,
				DED812B71485919700826EC4 /* CCDirector.h */,
				DED812B81485919700826EC4 /* CCDirector.m */,
				DED812BA1485919700826EC4 /* CCDrawingPrimitives.h */,
				DED812BB1485919700826EC4 /* CCDrawingPrimitives.m */,
				DED812BD1485919700826EC4 /* CCGrabber.h */,
				DED812BE1485919700826EC4 /* CCGrabber.m */,
				DED812C01485919700826EC4 /* CCGrid.h */,
				DED812C11485919700826EC4 /* CCGrid.m */,
				DED812C31485919700826EC4 /* CCLabelAtlas.h */,
				DED812C41485919700826EC4 /* CCLabelAtlas.m */,
				DED812C61485919700826EC4 /* CCLabelBMFont.h */,
				DED812C71485919700826EC4 /* CCLabelBMFont.m */,
				DED812C91485919700826EC4 /* CCLabelTTF.h */,
				DED812CA1485919700826EC4 /* CCLabelTTF.m */,
				DED812CC1485919700826EC4 /* CCLayer.h */,
				DED812CD1485919700826EC4 /* CCLayer.m */,
				DED812CF1485919700826EC4 /* ccMacros.h */,
				DED812D01485919700826EC4 /* CCMenu.h */,
				DED812D11485919700826EC4 /* CCMenu.m */,
				DED812D31485919700826EC4 /* CCMenuItem.h */,
				DED812D41485919700826EC4 /* CCMenuItem.m */,
				DED812D61485919700826EC4 /* CCMotionStreak.h */,
				DED812D71485919700826EC4 /* CCMotionStreak.m */,
				DED812D91485919700826EC4 /* CCNode.h */,
				DED812DA1485919700826EC4 /* CCNode.m */,
				DED812DC1485919700826EC4 /* CCParallaxNode.h */,
				DED812DD1485919700826EC4 /* CCParallaxNode.m */,
				DED812DF1485919700826EC4 /* CCParticleBatchNode.h */,
				DED812E01485919700826EC4 /* CCParticleBatchNode.m */,
				DED812E21485919700826EC4 /* CCParticleExamples.h */,
				DED812E31485919700826EC4 /* CCParticleExamples.m */,
				DED812E51485919700826EC4 /* CCParticleSystem.h */,
				DED812E61485919700826EC4 /* CCParticleSystem.m */,
				DED812E81485919700826EC4 /* CCParticleSystemPoint.h */,
				DED812E91485919700826EC4 /* CCParticleSystemPoint.m */,
				DED812EB1485919700826EC4 /* CCParticleSystemQuad.h */,
				DED812EC1485919700826EC4 /* CCParticleSystemQuad.m */,
				DED812EE1485919700826EC4 /* CCProgressTimer.h */,
				DED812EF1485919700826EC4 /* CCProgressTimer.m */,
				DED812F11485919700826EC4 /* CCProtocols.h */,
				DED812F21485919700826EC4 /* CCRenderTexture.h */,
				DED812F31485919700826EC4 /* CCRenderTexture.m */,
				DED812F51485919700826EC4 /* CCRibbon.h */,
				DED812F61485919700826EC4 /* CCRibbon.m */,
				DED812F81485919700826EC4 /* CCScene.h */,
				DED812F91485919700826EC4 /* CCScene.m */,
				DED812FB1485919700826EC4 /* CCScheduler.h */,
				DED812FC1485919800826EC4 /* CCScheduler.m */,
				DED812FE1485919800826EC4 /* CCSprite.h */,
				DED812FF1485919800826EC4 /* CCSprite.m */,
				DED813011485919800826EC4 /* CCSpriteBatchNode.h */,
				DED813021485919800826EC4 /* CCSpriteBatchNode.m */,
				DED813041485919800826EC4 /* CCSpriteFrame.h */,
				DED813051485919800826EC4 /* CCSpriteFrame.m */,
				DED813071485919800826EC4 /* CCSpriteFrameCache.h */,
				DED813081485919800826EC4 /* CCSpriteFrameCache.m */,
				DED8130A1485919800826EC4 /* CCTexture2D.h */,
				DED8130B1485919800826EC4 /* CCTexture2D.m */,
				DED8130D1485919800826EC4 /* CCTextureAtlas.h */,
				DED8130E1485919800826EC4 /* CCTextureAtlas.m */,
				DED813101485919800826EC4 /* CCTextureCache.h */,
				DED813111485919800826EC4 /* CCTextureCache.m */,
				DED813131485919800826EC4 /* CCTexturePVR.h */,
				DED813141485919800826EC4 /* CCTexturePVR.m */,
				DED813161485919800826EC4 /* CCTileMapAtlas.h */,
				DED813171485919800826EC4 /* CCTileMapAtlas.m */,
				DED813191485919800826EC4 /* CCTMXLayer.h */,
				DED8131A1485919800826EC4 /* CCTMXLayer.m */,
				DED8131C1485919800826EC4 /* CCTMXObjectGroup.h */,
				DED8131D1485919800826EC4 /* CCTMXObjectGroup.m */,
				DED8131F1485919800826EC4 /* CCTMXTiledMap.h */,
				DED813201485919800826EC4 /* CCTMXTiledMap.m */,
				DED813221485919800826EC4 /* CCTMXXMLParser.h */,
				DED813231485919800826EC4 /* CCTMXXMLParser.m */,
				DED813251485919800826EC4 /* CCTransition.h */,
				DED813261485919800826EC4 /* CCTransition.m */,
				DED813281485919800826EC4 /* CCTransitionPageTurn.h */,
				DED813291485919800826EC4 /* CCTransitionPageTurn.m */,
				DED8132B1485919800826EC4 /* CCTransitionRadial.h */,
				DED8132C1485919800826EC4 /* CCTransitionRadial.m */,
				DED8132E1485919800826EC4 /* ccTypes.h */,
				DED8132F1485919800826EC4 /* cocos2d.h */,
				DED813301485919800826EC4 /* cocos2d.m */,
				DED813321485919800826EC4 /* Platforms */,
				DED813571485919800826EC4 /* Support */,
			);
			name = cocos2d;
			sourceTree = "<group>";
		};
		DED813321485919800826EC4 /* Platforms */ = {
			isa = PBXGroup;
			children = (
				DED813331485919800826EC4 /* CCGL.h */,
				DED813341485919800826EC4 /* CCNS.h */,
				DED813351485919800826EC4 /* iOS */,
				DED8134A1485919800826EC4 /* Mac */,
			);
			name = Platforms;
			sourceTree = "<group>";
		};
		DED813351485919800826EC4 /* iOS */ = {
			isa = PBXGroup;
			children = (
				DED813361485919800826EC4 /* CCDirectorIOS.h */,
				DED813371485919800826EC4 /* CCDirectorIOS.m */,
				DED813391485919800826EC4 /* CCTouchDelegateProtocol.h */,
				DED8133A1485919800826EC4 /* CCTouchDispatcher.h */,
				DED8133B1485919800826EC4 /* CCTouchDispatcher.m */,
				DED8133D1485919800826EC4 /* CCTouchHandler.h */,
				DED8133E1485919800826EC4 /* CCTouchHandler.m */,
				DED813401485919800826EC4 /* EAGLView.h */,
				DED813411485919800826EC4 /* EAGLView.m */,
				DED813431485919800826EC4 /* ES1Renderer.h */,
				DED813441485919800826EC4 /* ES1Renderer.m */,
				DED813461485919800826EC4 /* ESRenderer.h */,
				DED813471485919800826EC4 /* glu.c */,
				DED813491485919800826EC4 /* glu.h */,
			);
			name = iOS;
			sourceTree = "<group>";
		};
		DED8134A1485919800826EC4 /* Mac */ = {
			isa = PBXGroup;
			children = (
				DED8134B1485919800826EC4 /* CCDirectorMac.h */,
				DED8134C1485919800826EC4 /* CCDirectorMac.m */,
				DED8134E1485919800826EC4 /* CCEventDispatcher.h */,
				DED8134F1485919800826EC4 /* CCEventDispatcher.m */,
				DED813511485919800826EC4 /* MacGLView.h */,
				DED813521485919800826EC4 /* MacGLView.m */,
				DED813541485919800826EC4 /* MacWindow.h */,
				DED813551485919800826EC4 /* MacWindow.m */,
			);
			name = Mac;
			sourceTree = "<group>";
		};
		DED813571485919800826EC4 /* Support */ = {
			isa = PBXGroup;
			children = (
				DED813581485919800826EC4 /* base64.c */,
				DED8135A1485919800826EC4 /* base64.h */,
				DED8135B1485919800826EC4 /* CCArray.h */,
				DED8135C1485919800826EC4 /* CCArray.m */,
				DED8135E1485919800826EC4 /* ccCArray.h */,
				DED8135F1485919800826EC4 /* CCFileUtils.h */,
				DED813601485919800826EC4 /* CCFileUtils.m */,
				DED813621485919800826EC4 /* CCProfiling.h */,
				DED813631485919800826EC4 /* CCProfiling.m */,
				DED813651485919800826EC4 /* ccUtils.c */,
				DED813671485919800826EC4 /* ccUtils.h */,
				DED813681485919800826EC4 /* CGPointExtension.h */,
				DED813691485919800826EC4 /* CGPointExtension.m */,
				DED8136B1485919800826EC4 /* OpenGL_Internal.h */,
				DED8136C1485919800826EC4 /* TGAlib.h */,
				DED8136D1485919800826EC4 /* TGAlib.m */,
				DED8136F1485919800826EC4 /* TransformUtils.h */,
				DED813701485919800826EC4 /* TransformUtils.m */,
				DED813721485919800826EC4 /* uthash.h */,
				DED813731485919800826EC4 /* utlist.h */,
				DED813741485919800826EC4 /* ZipUtils.h */,
				DED813751485919800826EC4 /* ZipUtils.m */,
			);
			name = Support;
			sourceTree = "<group>";
		};
		DED813781485919800826EC4 /* CocosDenshion */ = {
			isa = PBXGroup;
			children = (
				DED813791485919800826EC4 /* CDAudioManager.h */,
				DED8137A1485919800826EC4 /* CDAudioManager.m */,
				DED8137C1485919800826EC4 /* CDConfig.h */,
				DED8137D1485919800826EC4 /* CDOpenALSupport.h */,
				DED8137E1485919800826EC4 /* CDOpenALSupport.m */,
				DED813801485919800826EC4 /* CocosDenshion.h */,
				DED813811485919800826EC4 /* CocosDenshion.m */,
				DED813831485919800826EC4 /* SimpleAudioEngine.h */,
				DED813841485919800826EC4 /* SimpleAudioEngine.m */,
			);
			name = CocosDenshion;
			sourceTree = "<group>";
		};
		DED813871485919800826EC4 /* cocoslive */ = {
			isa = PBXGroup;
			children = (
				DED813881485919800826EC4 /* CLScoreServerPost.h */,
				DED813891485919800826EC4 /* CLScoreServerPost.m */,
				DED8138B1485919800826EC4 /* CLScoreServerRequest.h */,
				DED8138C1485919800826EC4 /* CLScoreServerRequest.m */,
				DED8138E1485919800826EC4 /* cocoslive.h */,
				DED8138F1485919800826EC4 /* cocoslive.m */,
			);
			name = cocoslive;
			sourceTree = "<group>";
		};
		DED813921485919800826EC4 /* TouchJSON */ = {
			isa = PBXGroup;
			children = (
				DED813931485919800826EC4 /* CDataScanner.h */,
				DED813941485919800826EC4 /* CDataScanner.m */,
				DED813961485919800826EC4 /* Extensions */,
				DED8139D1485919800826EC4 /* JSON */,
			);
			name = TouchJSON;
			sourceTree = "<group>";
		};
		DED813961485919800826EC4 /* Extensions */ = {
			isa = PBXGroup;
			children = (
				DED813971485919800826EC4 /* CDataScanner_Extensions.h */,
				DED813981485919800826EC4 /* CDataScanner_Extensions.m */,
				DED8139A1485919800826EC4 /* NSDictionary_JSONExtensions.h */,
				DED8139B1485919800826EC4 /* NSDictionary_JSONExtensions.m */,
			);
			name = Extensions;
			sourceTree = "<group>";
		};
		DED8139D1485919800826EC4 /* JSON */ = {
			isa = PBXGroup;
			children = (
				DED8139E1485919800826EC4 /* CJSONDeserializer.h */,
				DED8139F1485919800826EC4 /* CJSONDeserializer.m */,
				DED813A11485919800826EC4 /* CJSONScanner.h */,
				DED813A21485919800826EC4 /* CJSONScanner.m */,
				DED813A41485919800826EC4 /* CJSONSerializer.h */,
				DED813A51485919800826EC4 /* CJSONSerializer.m */,
				DED813A71485919800826EC4 /* JSONRepresentation.h */,
			);
			name = JSON;
			sourceTree = "<group>";
		};
		DED813A81485919800826EC4 /* FontLabel */ = {
			isa = PBXGroup;
			children = (
				DED813A91485919800826EC4 /* FontLabel.h */,
				DED813AA1485919900826EC4 /* FontLabel.m */,
				DED813AC1485919900826EC4 /* FontLabelStringDrawing.h */,
				DED813AD1485919900826EC4 /* FontLabelStringDrawing.m */,
				DED813AF1485919900826EC4 /* FontManager.h */,
				DED813B01485919900826EC4 /* FontManager.m */,
				DED813B21485919900826EC4 /* ZAttributedString.h */,
				DED813B31485919900826EC4 /* ZAttributedString.m */,
				DED813B51485919900826EC4 /* ZAttributedStringPrivate.h */,
				DED813B61485919900826EC4 /* ZFont.h */,
				DED813B71485919900826EC4 /* ZFont.m */,
			);
			name = FontLabel;
			sourceTree = "<group>";
		};
		DED813BA1485919900826EC4 /* Supporting Files */ = {
			isa = PBXGroup;
			children = (
				DED813BB1485919900826EC4 /* Prefix.pch */,
				DED813BC1485919900826EC4 /* main.m */,
			);
			name = "Supporting Files";
			sourceTree = "<group>";
		};
/* End PBXGroup section */

/* Begin PBXNativeTarget section */
		DED812541485919600826EC4 /* SpaceViking */ = {
			isa = PBXNativeTarget;
			buildConfigurationList = DED813CA1485919900826EC4 /* Build configuration list for PBXNativeTarget "SpaceViking" */;
			buildPhases = (
				DED812511485919600826EC4 /* Sources */,
				DED812521485919600826EC4 /* Frameworks */,
				DED812531485919600826EC4 /* Resources */,
			);
			buildRules = (
			);
			dependencies = (
			);
			name = SpaceViking;
			productName = SpaceViking;
			productReference = DED812551485919600826EC4 /* SpaceViking.app */;
			productType = "com.apple.product-type.application";
		};
/* End PBXNativeTarget section */

/* Begin PBXProject section */
		DED8124C1485919600826EC4 /* Project object */ = {
			isa = PBXProject;
			attributes = {
				LastUpgradeCheck = 0420;
			};
			buildConfigurationList = DED8124F1485919600826EC4 /* Build configuration list for PBXProject "SpaceViking" */;
			compatibilityVersion = "Xcode 3.2";
			developmentRegion = English;
			hasScannedForEncodings = 0;
			knownRegions = (
				en,
			);
			mainGroup = DED8124A1485919600826EC4;
			productRefGroup = DED812561485919600826EC4 /* Products */;
			projectDirPath = "";
			projectRoot = "";
			targets = (
				DED812541485919600826EC4 /* SpaceViking */,
			);
		};
/* End PBXProject section */

/* Begin PBXResourcesBuildPhase section */
		DED812531485919600826EC4 /* Resources */ = {
			isa = PBXResourcesBuildPhase;
			buildActionMask = 2147483647;
			files = (
				DED8126C1485919600826EC4 /* Default.png in Resources */,
				DED8126E1485919600826EC4 /* fps_images.png in Resources */,
				DED812701485919600826EC4 /* Icon-72.png in Resources */,
				DED812721485919600826EC4 /* Icon-Small-50.png in Resources */,
				DED812741485919600826EC4 /* Icon-Small.png in Resources */,
				DED812761485919600826EC4 /* Icon-Small@2x.png in Resources */,
				DED812781485919600826EC4 /* Icon.png in Resources */,
				DED8127A1485919600826EC4 /* Icon@2x.png in Resources */,
				DED8127D1485919600826EC4 /* iTunesArtwork in Resources */,
			);
			runOnlyForDeploymentPostprocessing = 0;
		};
/* End PBXResourcesBuildPhase section */

/* Begin PBXSourcesBuildPhase section */
		DED812511485919600826EC4 /* Sources */ = {
			isa = PBXSourcesBuildPhase;
			buildActionMask = 2147483647;
			files = (
				DED812821485919700826EC4 /* CCAction.m in Sources */,
				DED812851485919700826EC4 /* CCActionCamera.m in Sources */,
				DED812881485919700826EC4 /* CCActionEase.m in Sources */,
				DED8128B1485919700826EC4 /* CCActionGrid.m in Sources */,
				DED8128E1485919700826EC4 /* CCActionGrid3D.m in Sources */,
				DED812911485919700826EC4 /* CCActionInstant.m in Sources */,
				DED812941485919700826EC4 /* CCActionInterval.m in Sources */,
				DED812971485919700826EC4 /* CCActionManager.m in Sources */,
				DED8129A1485919700826EC4 /* CCActionPageTurn3D.m in Sources */,
				DED8129D1485919700826EC4 /* CCActionProgressTimer.m in Sources */,
				DED812A01485919700826EC4 /* CCActionTiledGrid.m in Sources */,
				DED812A31485919700826EC4 /* CCActionTween.m in Sources */,
				DED812A61485919700826EC4 /* CCAnimation.m in Sources */,
				DED812A91485919700826EC4 /* CCAnimationCache.m in Sources */,
				DED812AC1485919700826EC4 /* CCAtlasNode.m in Sources */,
				DED812AF1485919700826EC4 /* CCBlockSupport.m in Sources */,
				DED812B21485919700826EC4 /* CCCamera.m in Sources */,
				DED812B61485919700826EC4 /* CCConfiguration.m in Sources */,
				DED812B91485919700826EC4 /* CCDirector.m in Sources */,
				DED812BC1485919700826EC4 /* CCDrawingPrimitives.m in Sources */,
				DED812BF1485919700826EC4 /* CCGrabber.m in Sources */,
				DED812C21485919700826EC4 /* CCGrid.m in Sources */,
				DED812C51485919700826EC4 /* CCLabelAtlas.m in Sources */,
				DED812C81485919700826EC4 /* CCLabelBMFont.m in Sources */,
				DED812CB1485919700826EC4 /* CCLabelTTF.m in Sources */,
				DED812CE1485919700826EC4 /* CCLayer.m in Sources */,
				DED812D21485919700826EC4 /* CCMenu.m in Sources */,
				DED812D51485919700826EC4 /* CCMenuItem.m in Sources */,
				DED812D81485919700826EC4 /* CCMotionStreak.m in Sources */,
				DED812DB1485919700826EC4 /* CCNode.m in Sources */,
				DED812DE1485919700826EC4 /* CCParallaxNode.m in Sources */,
				DED812E11485919700826EC4 /* CCParticleBatchNode.m in Sources */,
				DED812E41485919700826EC4 /* CCParticleExamples.m in Sources */,
				DED812E71485919700826EC4 /* CCParticleSystem.m in Sources */,
				DED812EA1485919700826EC4 /* CCParticleSystemPoint.m in Sources */,
				DED812ED1485919700826EC4 /* CCParticleSystemQuad.m in Sources */,
				DED812F01485919700826EC4 /* CCProgressTimer.m in Sources */,
				DED812F41485919700826EC4 /* CCRenderTexture.m in Sources */,
				DED812F71485919700826EC4 /* CCRibbon.m in Sources */,
				DED812FA1485919700826EC4 /* CCScene.m in Sources */,
				DED812FD1485919800826EC4 /* CCScheduler.m in Sources */,
				DED813001485919800826EC4 /* CCSprite.m in Sources */,
				DED813031485919800826EC4 /* CCSpriteBatchNode.m in Sources */,
				DED813061485919800826EC4 /* CCSpriteFrame.m in Sources */,
				DED813091485919800826EC4 /* CCSpriteFrameCache.m in Sources */,
				DED8130C1485919800826EC4 /* CCTexture2D.m in Sources */,
				DED8130F1485919800826EC4 /* CCTextureAtlas.m in Sources */,
				DED813121485919800826EC4 /* CCTextureCache.m in Sources */,
				DED813151485919800826EC4 /* CCTexturePVR.m in Sources */,
				DED813181485919800826EC4 /* CCTileMapAtlas.m in Sources */,
				DED8131B1485919800826EC4 /* CCTMXLayer.m in Sources */,
				DED8131E1485919800826EC4 /* CCTMXObjectGroup.m in Sources */,
				DED813211485919800826EC4 /* CCTMXTiledMap.m in Sources */,
				DED813241485919800826EC4 /* CCTMXXMLParser.m in Sources */,
				DED813271485919800826EC4 /* CCTransition.m in Sources */,
				DED8132A1485919800826EC4 /* CCTransitionPageTurn.m in Sources */,
				DED8132D1485919800826EC4 /* CCTransitionRadial.m in Sources */,
				DED813311485919800826EC4 /* cocos2d.m in Sources */,
				DED813381485919800826EC4 /* CCDirectorIOS.m in Sources */,
				DED8133C1485919800826EC4 /* CCTouchDispatcher.m in Sources */,
				DED8133F1485919800826EC4 /* CCTouchHandler.m in Sources */,
				DED813421485919800826EC4 /* EAGLView.m in Sources */,
				DED813451485919800826EC4 /* ES1Renderer.m in Sources */,
				DED813481485919800826EC4 /* glu.c in Sources */,
				DED8134D1485919800826EC4 /* CCDirectorMac.m in Sources */,
				DED813501485919800826EC4 /* CCEventDispatcher.m in Sources */,
				DED813531485919800826EC4 /* MacGLView.m in Sources */,
				DED813561485919800826EC4 /* MacWindow.m in Sources */,
				DED813591485919800826EC4 /* base64.c in Sources */,
				DED8135D1485919800826EC4 /* CCArray.m in Sources */,
				DED813611485919800826EC4 /* CCFileUtils.m in Sources */,
				DED813641485919800826EC4 /* CCProfiling.m in Sources */,
				DED813661485919800826EC4 /* ccUtils.c in Sources */,
				DED8136A1485919800826EC4 /* CGPointExtension.m in Sources */,
				DED8136E1485919800826EC4 /* TGAlib.m in Sources */,
				DED813711485919800826EC4 /* TransformUtils.m in Sources */,
				DED813761485919800826EC4 /* ZipUtils.m in Sources */,
				DED8137B1485919800826EC4 /* CDAudioManager.m in Sources */,
				DED8137F1485919800826EC4 /* CDOpenALSupport.m in Sources */,
				DED813821485919800826EC4 /* CocosDenshion.m in Sources */,
				DED813851485919800826EC4 /* SimpleAudioEngine.m in Sources */,
				DED8138A1485919800826EC4 /* CLScoreServerPost.m in Sources */,
				DED8138D1485919800826EC4 /* CLScoreServerRequest.m in Sources */,
				DED813901485919800826EC4 /* cocoslive.m in Sources */,
				DED813951485919800826EC4 /* CDataScanner.m in Sources */,
				DED813991485919800826EC4 /* CDataScanner_Extensions.m in Sources */,
				DED8139C1485919800826EC4 /* NSDictionary_JSONExtensions.m in Sources */,
				DED813A01485919800826EC4 /* CJSONDeserializer.m in Sources */,
				DED813A31485919800826EC4 /* CJSONScanner.m in Sources */,
				DED813A61485919800826EC4 /* CJSONSerializer.m in Sources */,
				DED813AB1485919900826EC4 /* FontLabel.m in Sources */,
				DED813AE1485919900826EC4 /* FontLabelStringDrawing.m in Sources */,
				DED813B11485919900826EC4 /* FontManager.m in Sources */,
				DED813B41485919900826EC4 /* ZAttributedString.m in Sources */,
				DED813B81485919900826EC4 /* ZFont.m in Sources */,
				DED813BD1485919900826EC4 /* main.m in Sources */,
				DED813C01485919900826EC4 /* AppDelegate.m in Sources */,
				DED813C31485919900826EC4 /* RootViewController.m in Sources */,
				DED813C61485919900826EC4 /* HelloWorldLayer.m in Sources */,
			);
			runOnlyForDeploymentPostprocessing = 0;
		};
/* End PBXSourcesBuildPhase section */

/* Begin XCBuildConfiguration section */
		DED813C81485919900826EC4 /* Debug */ = {
			isa = XCBuildConfiguration;
			buildSettings = {
				ARCHS = "$(ARCHS_STANDARD_32_BIT)";
				"CODE_SIGN_IDENTITY[sdk=iphoneos*]" = "iPhone Developer";
				GCC_C_LANGUAGE_STANDARD = gnu99;
				GCC_OPTIMIZATION_LEVEL = 0;
				GCC_PREPROCESSOR_DEFINITIONS = (
					DEBUG,
					"COCOS2D_DEBUG=1",
				);
				GCC_SYMBOLS_PRIVATE_EXTERN = NO;
				GCC_VERSION = com.apple.compilers.llvmgcc42;
				GCC_WARN_ABOUT_RETURN_TYPE = YES;
				GCC_WARN_UNUSED_VARIABLE = YES;
				IPHONEOS_DEPLOYMENT_TARGET = 5.0;
				SDKROOT = iphoneos;
			};
			name = Debug;
		};
		DED813C91485919900826EC4 /* Release */ = {
			isa = XCBuildConfiguration;
			buildSettings = {
				ARCHS = "$(ARCHS_STANDARD_32_BIT)";
				"CODE_SIGN_IDENTITY[sdk=iphoneos*]" = "iPhone Developer";
				GCC_C_LANGUAGE_STANDARD = gnu99;
				GCC_PREPROCESSOR_DEFINITIONS = NDEBUG;
				GCC_VERSION = com.apple.compilers.llvmgcc42;
				GCC_WARN_ABOUT_RETURN_TYPE = YES;
				GCC_WARN_UNUSED_VARIABLE = YES;
				IPHONEOS_DEPLOYMENT_TARGET = 5.0;
				OTHER_CFLAGS = "-DNS_BLOCK_ASSERTIONS=1";
				SDKROOT = iphoneos;
			};
			name = Release;
		};
		DED813CB1485919900826EC4 /* Debug */ = {
			isa = XCBuildConfiguration;
			buildSettings = {
				ALWAYS_SEARCH_USER_PATHS = NO;
				COPY_PHASE_STRIP = NO;
				GCC_DYNAMIC_NO_PIC = NO;
				GCC_PRECOMPILE_PREFIX_HEADER = YES;
				GCC_PREFIX_HEADER = SpaceViking/Prefix.pch;
				"GCC_THUMB_SUPPORT[arch=armv6]" = "";
				INFOPLIST_FILE = SpaceViking/Resources/Info.plist;
				OTHER_LDFLAGS = "-lz";
				PRODUCT_NAME = "$(TARGET_NAME)";
				WRAPPER_EXTENSION = app;
			};
			name = Debug;
		};
		DED813CC1485919900826EC4 /* Release */ = {
			isa = XCBuildConfiguration;
			buildSettings = {
				ALWAYS_SEARCH_USER_PATHS = NO;
				COPY_PHASE_STRIP = YES;
				GCC_PRECOMPILE_PREFIX_HEADER = YES;
				GCC_PREFIX_HEADER = SpaceViking/Prefix.pch;
				"GCC_THUMB_SUPPORT[arch=armv6]" = "";
				INFOPLIST_FILE = SpaceViking/Resources/Info.plist;
				OTHER_LDFLAGS = "-lz";
				PRODUCT_NAME = "$(TARGET_NAME)";
				VALIDATE_PRODUCT = YES;
				WRAPPER_EXTENSION = app;
			};
			name = Release;
		};
/* End XCBuildConfiguration section */

/* Begin XCConfigurationList section */
		DED8124F1485919600826EC4 /* Build configuration list for PBXProject "SpaceViking" */ = {
			isa = XCConfigurationList;
			buildConfigurations = (
				DED813C81485919900826EC4 /* Debug */,
				DED813C91485919900826EC4 /* Release */,
			);
			defaultConfigurationIsVisible = 0;
			defaultConfigurationName = Release;
		};
		DED813CA1485919900826EC4 /* Build configuration list for PBXNativeTarget "SpaceViking" */ = {
			isa = XCConfigurationList;
			buildConfigurations = (
				DED813CB1485919900826EC4 /* Debug */,
				DED813CC1485919900826EC4 /* Release */,
			);
			defaultConfigurationIsVisible = 0;
		};
/* End XCConfigurationList section */
	};
	rootObject = DED8124C1485919600826EC4 /* Project object */;
}
